{
  "version": 4,
  "terraform_version": "1.7.5",
  "serial": 30,
  "lineage": "03965dfb-6e83-f498-97e3-fbd5e6883234",
  "outputs": {
    "ModelNo": {
      "value": "01000000-0000-4000-8000-999999999999",
      "type": "string"
    }
  },
  "resources": [
    {
      "mode": "data",
      "type": "local_file",
      "name": "sourcetext",
      "provider": "provider[\"registry.terraform.io/hashicorp/local\"]",
      "instances": [
        {
          "schema_version": 0,
          "attributes": {
            "content": "this is source file",
            "content_base64": "dGhpcyBpcyBzb3VyY2UgZmlsZQ==",
            "content_base64sha256": "QSz9JYfu54wUAAPMHDabloS5RkwSQbl5GdjbgTpL6IA=",
            "content_base64sha512": "80fgYEDNypGspoUl+0DeluEz6RdM28Z9EaEgZjJK8wyzQG2re0KxpAcvU1Su6czHM6Tpu0uckRDBJWG6sXge/A==",
            "content_md5": "87ba483fe4ebb7fbdd72d1e160ad963d",
            "content_sha1": "467e7a98e93231ea45028638b49d909d00bcaeaf",
            "content_sha256": "412cfd2587eee78c140003cc1c369b9684b9464c1241b97919d8db813a4be880",
            "content_sha512": "f347e06040cdca91aca68525fb40de96e133e9174cdbc67d11a12066324af30cb3406dab7b42b1a4072f5354aee9ccc733a4e9bb4b9c9110c12561bab1781efc",
            "filename": "source_text.txt",
            "id": "467e7a98e93231ea45028638b49d909d00bcaeaf"
          },
          "sensitive_attributes": []
        }
      ]
    },
    {
      "mode": "managed",
      "type": "local_file",
      "name": "NewPassword",
      "provider": "provider[\"registry.terraform.io/hashicorp/local\"]",
      "instances": [
        {
          "schema_version": 0,
          "attributes": {
            "content": "My new password is yz0-{vXPfaA*C)zR",
            "content_base64": null,
            "content_base64sha256": "n2WwoHi1lNaogSIOEeVlbzv77c9Ts3gT2ZQy7TEtU74=",
            "content_base64sha512": "il8WNEho8jE4Af5atzsZfvP0xTwHlUkzS5YWL7n+FFIo1tjcsD0WdLdOS5IIfBE/6+T0joAKN5WxfLaIVVnTeQ==",
            "content_md5": "1cf2867dbda09d75a0fc961783110aa4",
            "content_sha1": "28ebb9aebcd9f30528021f1b9c51df9c56be4ec7",
            "content_sha256": "9f65b0a078b594d6a881220e11e5656f3bfbedcf53b37813d99432ed312d53be",
            "content_sha512": "8a5f16344868f2313801fe5ab73b197ef3f4c53c079549334b96162fb9fe145228d6d8dcb03d1674b74e4b92087c113febe4f48e800a3795b17cb6885559d379",
            "directory_permission": "0777",
            "file_permission": "0777",
            "filename": "Password_file.txt",
            "id": "28ebb9aebcd9f30528021f1b9c51df9c56be4ec7",
            "sensitive_content": null,
            "source": null
          },
          "sensitive_attributes": [
            [
              {
                "type": "get_attr",
                "value": "content"
              }
            ]
          ],
          "dependencies": [
            "random_password.PasswordGen"
          ]
        }
      ]
    },
    {
      "mode": "managed",
      "type": "local_file",
      "name": "datasrc",
      "provider": "provider[\"registry.terraform.io/hashicorp/local\"]",
      "instances": [
        {
          "schema_version": 0,
          "attributes": {
            "content": "this is source file",
            "content_base64": null,
            "content_base64sha256": "QSz9JYfu54wUAAPMHDabloS5RkwSQbl5GdjbgTpL6IA=",
            "content_base64sha512": "80fgYEDNypGspoUl+0DeluEz6RdM28Z9EaEgZjJK8wyzQG2re0KxpAcvU1Su6czHM6Tpu0uckRDBJWG6sXge/A==",
            "content_md5": "87ba483fe4ebb7fbdd72d1e160ad963d",
            "content_sha1": "467e7a98e93231ea45028638b49d909d00bcaeaf",
            "content_sha256": "412cfd2587eee78c140003cc1c369b9684b9464c1241b97919d8db813a4be880",
            "content_sha512": "f347e06040cdca91aca68525fb40de96e133e9174cdbc67d11a12066324af30cb3406dab7b42b1a4072f5354aee9ccc733a4e9bb4b9c9110c12561bab1781efc",
            "directory_permission": "0777",
            "file_permission": "0777",
            "filename": "file2.txt",
            "id": "467e7a98e93231ea45028638b49d909d00bcaeaf",
            "sensitive_content": null,
            "source": null
          },
          "sensitive_attributes": [],
          "dependencies": [
            "data.local_file.sourcetext"
          ]
        }
      ]
    },
    {
      "mode": "managed",
      "type": "local_file",
      "name": "explicitdependency",
      "provider": "provider[\"registry.terraform.io/hashicorp/local\"]",
      "instances": [
        {
          "schema_version": 0,
          "attributes": {
            "content": " Password file is Password_file.txt",
            "content_base64": null,
            "content_base64sha256": "3NXp5QOTtL4j5+tig6RI/18pR4yfRmEX+IzyZFNVtjs=",
            "content_base64sha512": "6fSGqP8VrSXCfMi7yKKxo0tQssHHCySVCzef0Nc4eM/Q00Ay658E/4Yis7KqubT7idOTkctRe9u/sDeXzA9W4g==",
            "content_md5": "3e7167a71d1ce2e35fe41766af1ea9f6",
            "content_sha1": "13fb262c088f0f5e614b0b38daff8fd9e62f5cbd",
            "content_sha256": "dcd5e9e50393b4be23e7eb6283a448ff5f29478c9f466117f88cf2645355b63b",
            "content_sha512": "e9f486a8ff15ad25c27cc8bbc8a2b1a34b50b2c1c70b24950b379fd0d73878cfd0d34032eb9f04ff8622b3b2aab9b4fb89d39391cb517bdbbfb03797cc0f56e2",
            "directory_permission": "0777",
            "file_permission": "0777",
            "filename": "file1_explicit.txt",
            "id": "13fb262c088f0f5e614b0b38daff8fd9e62f5cbd",
            "sensitive_content": null,
            "source": null
          },
          "sensitive_attributes": [],
          "dependencies": [
            "local_file.NewPassword",
            "random_password.PasswordGen"
          ]
        }
      ]
    },
    {
      "mode": "managed",
      "type": "local_file",
      "name": "newfile",
      "provider": "provider[\"registry.terraform.io/hashicorp/local\"]",
      "instances": [
        {
          "schema_version": 0,
          "attributes": {
            "content": "this is my first file content",
            "content_base64": null,
            "content_base64sha256": "Zg0cTsN3QRsjhNHHIZ581NuaFM+OnbFK6M4HxA7JVv8=",
            "content_base64sha512": "WwOwpKnFqqJ8yDy0YX8YfOri7AcxaEUb/o3XKJBXiNUtLmFCQjoKc1oCy5xri2P9oL0O9uZyVUG8ZhZmLNcLQw==",
            "content_md5": "691970c9ed2e5a94b84dd314b86a0140",
            "content_sha1": "cdd7ad53aab1cac1751e509af34c71942939fc43",
            "content_sha256": "660d1c4ec377411b2384d1c7219e7cd4db9a14cf8e9db14ae8ce07c40ec956ff",
            "content_sha512": "5b03b0a4a9c5aaa27cc83cb4617f187ceae2ec073168451bfe8dd728905788d52d2e6142423a0a735a02cb9c6b8b63fda0bd0ef6e6725541bc6616662cd70b43",
            "directory_permission": "0777",
            "file_permission": "0777",
            "filename": "file1.txt",
            "id": "cdd7ad53aab1cac1751e509af34c71942939fc43",
            "sensitive_content": null,
            "source": null
          },
          "sensitive_attributes": []
        }
      ]
    },
    {
      "mode": "managed",
      "type": "local_file",
      "name": "rootuser",
      "provider": "provider[\"registry.terraform.io/hashicorp/local\"]",
      "instances": [
        {
          "schema_version": 0,
          "attributes": {
            "content": "password set nopassword",
            "content_base64": null,
            "content_base64sha256": "i49lwU5nuefs/RwOHqVC0LiEG74Cst9+tQQuy/acvOE=",
            "content_base64sha512": "Xayu08hsdQVjZPsjDc8ltqyhHel15R+b7wHPbkgDFx1Jt/x5a9pccyL0/SpmcFXFKdHup9VBA2avhtv19O85ag==",
            "content_md5": "217ae9f521b648f7e96d497aa49f6841",
            "content_sha1": "7f25620a6e38f0ec20bed83c95485b79ad7c5d00",
            "content_sha256": "8b8f65c14e67b9e7ecfd1c0e1ea542d0b8841bbe02b2df7eb5042ecbf69cbce1",
            "content_sha512": "5dacaed3c86c75056364fb230dcf25b6aca11de975e51f9bef01cf6e4803171d49b7fc796bda5c7322f4fd2a667055c529d1eea7d5410366af86dbf5f4ef396a",
            "directory_permission": "0777",
            "file_permission": "0777",
            "filename": "admin",
            "id": "7f25620a6e38f0ec20bed83c95485b79ad7c5d00",
            "sensitive_content": null,
            "source": null
          },
          "sensitive_attributes": []
        }
      ]
    },
    {
      "mode": "managed",
      "type": "random_password",
      "name": "PasswordGen",
      "provider": "provider[\"registry.terraform.io/hashicorp/random\"]",
      "instances": [
        {
          "schema_version": 3,
          "attributes": {
            "bcrypt_hash": "$2a$10$URYLR6WiK.uH4fGuzmyFWeLSwjWgW0ZeUf5Kz7.CuNcMnUxvRi2Eu",
            "id": "none",
            "keepers": null,
            "length": 16,
            "lower": true,
            "min_lower": 0,
            "min_numeric": 0,
            "min_special": 0,
            "min_upper": 0,
            "number": true,
            "numeric": true,
            "override_special": "!#$%\u0026*()-_=+[]{}\u003c\u003e:?",
            "result": "yz0-{vXPfaA*C)zR",
            "special": true,
            "upper": true
          },
          "sensitive_attributes": []
        }
      ]
    }
  ],
  "check_results": null
}
