{
  "version": 4,
  "terraform_version": "1.7.5",
  "serial": 26,
  "lineage": "03965dfb-6e83-f498-97e3-fbd5e6883234",
  "outputs": {
    "ModelNo": {
      "value": "00000000-9999-9999-9999-999999999999",
      "type": "string"
    }
  },
  "resources": [
    {
      "mode": "managed",
      "type": "local_file",
      "name": "NewPassword",
      "provider": "provider[\"registry.terraform.io/hashicorp/local\"]",
      "instances": [
        {
          "schema_version": 0,
          "attributes": {
            "content": "My new password is yz0-{vXPfaA*C)zR",
            "content_base64": null,
            "content_base64sha256": "n2WwoHi1lNaogSIOEeVlbzv77c9Ts3gT2ZQy7TEtU74=",
            "content_base64sha512": "il8WNEho8jE4Af5atzsZfvP0xTwHlUkzS5YWL7n+FFIo1tjcsD0WdLdOS5IIfBE/6+T0joAKN5WxfLaIVVnTeQ==",
            "content_md5": "1cf2867dbda09d75a0fc961783110aa4",
            "content_sha1": "28ebb9aebcd9f30528021f1b9c51df9c56be4ec7",
            "content_sha256": "9f65b0a078b594d6a881220e11e5656f3bfbedcf53b37813d99432ed312d53be",
            "content_sha512": "8a5f16344868f2313801fe5ab73b197ef3f4c53c079549334b96162fb9fe145228d6d8dcb03d1674b74e4b92087c113febe4f48e800a3795b17cb6885559d379",
            "directory_permission": "0777",
            "file_permission": "0777",
            "filename": "Password_file.txt",
            "id": "28ebb9aebcd9f30528021f1b9c51df9c56be4ec7",
            "sensitive_content": null,
            "source": null
          },
          "sensitive_attributes": [
            [
              {
                "type": "get_attr",
                "value": "content"
              }
            ]
          ],
          "dependencies": [
            "random_password.PasswordGen"
          ]
        }
      ]
    },
    {
      "mode": "managed",
      "type": "local_file",
      "name": "explicitdependency",
      "provider": "provider[\"registry.terraform.io/hashicorp/local\"]",
      "instances": [
        {
          "schema_version": 0,
          "attributes": {
            "content": " Password file is Password_file.txt",
            "content_base64": null,
            "content_base64sha256": "3NXp5QOTtL4j5+tig6RI/18pR4yfRmEX+IzyZFNVtjs=",
            "content_base64sha512": "6fSGqP8VrSXCfMi7yKKxo0tQssHHCySVCzef0Nc4eM/Q00Ay658E/4Yis7KqubT7idOTkctRe9u/sDeXzA9W4g==",
            "content_md5": "3e7167a71d1ce2e35fe41766af1ea9f6",
            "content_sha1": "13fb262c088f0f5e614b0b38daff8fd9e62f5cbd",
            "content_sha256": "dcd5e9e50393b4be23e7eb6283a448ff5f29478c9f466117f88cf2645355b63b",
            "content_sha512": "e9f486a8ff15ad25c27cc8bbc8a2b1a34b50b2c1c70b24950b379fd0d73878cfd0d34032eb9f04ff8622b3b2aab9b4fb89d39391cb517bdbbfb03797cc0f56e2",
            "directory_permission": "0777",
            "file_permission": "0777",
            "filename": "file1_explicit.txt",
            "id": "13fb262c088f0f5e614b0b38daff8fd9e62f5cbd",
            "sensitive_content": null,
            "source": null
          },
          "sensitive_attributes": [],
          "dependencies": [
            "local_file.NewPassword",
            "random_password.PasswordGen"
          ]
        }
      ]
    },
    {
      "mode": "managed",
      "type": "local_file",
      "name": "newfile",
      "provider": "provider[\"registry.terraform.io/hashicorp/local\"]",
      "instances": [
        {
          "schema_version": 0,
          "attributes": {
            "content": "this is my first file content",
            "content_base64": null,
            "content_base64sha256": "Zg0cTsN3QRsjhNHHIZ581NuaFM+OnbFK6M4HxA7JVv8=",
            "content_base64sha512": "WwOwpKnFqqJ8yDy0YX8YfOri7AcxaEUb/o3XKJBXiNUtLmFCQjoKc1oCy5xri2P9oL0O9uZyVUG8ZhZmLNcLQw==",
            "content_md5": "691970c9ed2e5a94b84dd314b86a0140",
            "content_sha1": "cdd7ad53aab1cac1751e509af34c71942939fc43",
            "content_sha256": "660d1c4ec377411b2384d1c7219e7cd4db9a14cf8e9db14ae8ce07c40ec956ff",
            "content_sha512": "5b03b0a4a9c5aaa27cc83cb4617f187ceae2ec073168451bfe8dd728905788d52d2e6142423a0a735a02cb9c6b8b63fda0bd0ef6e6725541bc6616662cd70b43",
            "directory_permission": "0777",
            "file_permission": "0777",
            "filename": "file1.txt",
            "id": "cdd7ad53aab1cac1751e509af34c71942939fc43",
            "sensitive_content": null,
            "source": null
          },
          "sensitive_attributes": []
        }
      ]
    },
    {
      "mode": "managed",
      "type": "local_file",
      "name": "rootuser",
      "provider": "provider[\"registry.terraform.io/hashicorp/local\"]",
      "instances": [
        {
          "schema_version": 0,
          "attributes": {
            "content": "password set defaultpasswordprofile",
            "content_base64": null,
            "content_base64sha256": "qZIp/IwwAk3y89bM2QkHAmb/4ZKaV7oQwfyr9Yr11Vc=",
            "content_base64sha512": "q1gE+FV1tenHX0o4Y7gI+vagH+voBBcVRJHjfqccum7a/C/fFmnK0hlmKJmiL6vVtbjQdRSkxOG7M6NCkvyz9A==",
            "content_md5": "63adbf100127e827337a22333d2ef542",
            "content_sha1": "40f63140ee238da8570fdb9041b2e60f963af2ca",
            "content_sha256": "a99229fc8c30024df2f3d6ccd909070266ffe1929a57ba10c1fcabf58af5d557",
            "content_sha512": "ab5804f85575b5e9c75f4a3863b808faf6a01febe80417154491e37ea71cba6edafc2fdf1669cad219662899a22fabd5b5b8d07514a4c4e1bb33a34292fcb3f4",
            "directory_permission": "0777",
            "file_permission": "0777",
            "filename": "dba",
            "id": "40f63140ee238da8570fdb9041b2e60f963af2ca",
            "sensitive_content": null,
            "source": null
          },
          "sensitive_attributes": []
        }
      ]
    },
    {
      "mode": "managed",
      "type": "random_password",
      "name": "PasswordGen",
      "provider": "provider[\"registry.terraform.io/hashicorp/random\"]",
      "instances": [
        {
          "schema_version": 3,
          "attributes": {
            "bcrypt_hash": "$2a$10$URYLR6WiK.uH4fGuzmyFWeLSwjWgW0ZeUf5Kz7.CuNcMnUxvRi2Eu",
            "id": "none",
            "keepers": null,
            "length": 16,
            "lower": true,
            "min_lower": 0,
            "min_numeric": 0,
            "min_special": 0,
            "min_upper": 0,
            "number": true,
            "numeric": true,
            "override_special": "!#$%\u0026*()-_=+[]{}\u003c\u003e:?",
            "result": "yz0-{vXPfaA*C)zR",
            "special": true,
            "upper": true
          },
          "sensitive_attributes": []
        }
      ]
    }
  ],
  "check_results": null
}
