{
  "version": 4,
  "terraform_version": "1.7.5",
  "serial": 545,
  "lineage": "5af33001-7fdf-a4d0-12ec-19233e9c541b",
  "outputs": {},
  "resources": [
    {
      "mode": "managed",
      "type": "aws_eip",
      "name": "dev_nat_gateway",
      "provider": "provider[\"registry.terraform.io/hashicorp/aws\"]",
      "instances": [
        {
          "schema_version": 0,
          "attributes": {
            "address": null,
            "allocation_id": "eipalloc-0b9a4da5cff085bf2",
            "associate_with_private_ip": null,
            "association_id": "",
            "carrier_ip": "",
            "customer_owned_ip": "",
            "customer_owned_ipv4_pool": "",
            "domain": "vpc",
            "id": "eipalloc-0b9a4da5cff085bf2",
            "instance": "",
            "network_border_group": "us-east-1",
            "network_interface": "",
            "private_dns": null,
            "private_ip": "",
            "ptr_record": "",
            "public_dns": "ec2-54-164-12-142.compute-1.amazonaws.com",
            "public_ip": "54.164.12.142",
            "public_ipv4_pool": "amazon",
            "tags": null,
            "tags_all": {},
            "timeouts": null,
            "vpc": true
          },
          "sensitive_attributes": [],
          "private": "eyJlMmJmYjczMC1lY2FhLTExZTYtOGY4OC0zNDM2M2JjN2M0YzAiOnsiZGVsZXRlIjoxODAwMDAwMDAwMDAsInJlYWQiOjkwMDAwMDAwMDAwMCwidXBkYXRlIjozMDAwMDAwMDAwMDB9fQ=="
        }
      ]
    },
    {
      "mode": "managed",
      "type": "aws_eip",
      "name": "prod_nat_gateway",
      "provider": "provider[\"registry.terraform.io/hashicorp/aws\"]",
      "instances": [
        {
          "schema_version": 0,
          "attributes": {
            "address": null,
            "allocation_id": "eipalloc-0ecd71bf79dbed7b7",
            "associate_with_private_ip": null,
            "association_id": "",
            "carrier_ip": "",
            "customer_owned_ip": "",
            "customer_owned_ipv4_pool": "",
            "domain": "vpc",
            "id": "eipalloc-0ecd71bf79dbed7b7",
            "instance": "",
            "network_border_group": "us-east-1",
            "network_interface": "",
            "private_dns": null,
            "private_ip": "",
            "ptr_record": "",
            "public_dns": "ec2-44-217-23-114.compute-1.amazonaws.com",
            "public_ip": "44.217.23.114",
            "public_ipv4_pool": "amazon",
            "tags": null,
            "tags_all": {},
            "timeouts": null,
            "vpc": true
          },
          "sensitive_attributes": [],
          "private": "eyJlMmJmYjczMC1lY2FhLTExZTYtOGY4OC0zNDM2M2JjN2M0YzAiOnsiZGVsZXRlIjoxODAwMDAwMDAwMDAsInJlYWQiOjkwMDAwMDAwMDAwMCwidXBkYXRlIjozMDAwMDAwMDAwMDB9fQ=="
        }
      ]
    },
    {
      "mode": "managed",
      "type": "aws_instance",
      "name": "db1",
      "provider": "provider[\"registry.terraform.io/hashicorp/aws\"]",
      "instances": [
        {
          "schema_version": 1,
          "attributes": {
            "ami": "ami-0f403e3180720dd7e",
            "arn": "arn:aws:ec2:us-east-1:146231429799:instance/i-04f3783b0c6572835",
            "associate_public_ip_address": false,
            "availability_zone": "us-east-1c",
            "capacity_reservation_specification": [
              {
                "capacity_reservation_preference": "open",
                "capacity_reservation_target": []
              }
            ],
            "cpu_core_count": 2,
            "cpu_options": [
              {
                "amd_sev_snp": "",
                "core_count": 2,
                "threads_per_core": 2
              }
            ],
            "cpu_threads_per_core": 2,
            "credit_specification": [
              {
                "cpu_credits": "unlimited"
              }
            ],
            "disable_api_stop": false,
            "disable_api_termination": false,
            "ebs_block_device": [],
            "ebs_optimized": false,
            "enclave_options": [
              {
                "enabled": false
              }
            ],
            "ephemeral_block_device": [],
            "get_password_data": false,
            "hibernation": false,
            "host_id": "",
            "host_resource_group_arn": null,
            "iam_instance_profile": "",
            "id": "i-04f3783b0c6572835",
            "instance_initiated_shutdown_behavior": "stop",
            "instance_lifecycle": "",
            "instance_market_options": [],
            "instance_state": "running",
            "instance_type": "t3.xlarge",
            "ipv6_address_count": 0,
            "ipv6_addresses": [],
            "key_name": "tfm_ec2_key",
            "launch_template": [],
            "maintenance_options": [
              {
                "auto_recovery": "default"
              }
            ],
            "metadata_options": [
              {
                "http_endpoint": "enabled",
                "http_protocol_ipv6": "disabled",
                "http_put_response_hop_limit": 2,
                "http_tokens": "required",
                "instance_metadata_tags": "disabled"
              }
            ],
            "monitoring": false,
            "network_interface": [],
            "outpost_arn": "",
            "password_data": "",
            "placement_group": "",
            "placement_partition_number": 0,
            "primary_network_interface_id": "eni-039b7c7c04efe54fc",
            "private_dns": "ip-11-0-2-67.ec2.internal",
            "private_dns_name_options": [
              {
                "enable_resource_name_dns_a_record": false,
                "enable_resource_name_dns_aaaa_record": false,
                "hostname_type": "ip-name"
              }
            ],
            "private_ip": "11.0.2.67",
            "public_dns": "",
            "public_ip": "",
            "root_block_device": [
              {
                "delete_on_termination": true,
                "device_name": "/dev/xvda",
                "encrypted": false,
                "iops": 3000,
                "kms_key_id": "",
                "tags": {},
                "tags_all": {},
                "throughput": 125,
                "volume_id": "vol-0f03755f1ae2e1caf",
                "volume_size": 8,
                "volume_type": "gp3"
              }
            ],
            "secondary_private_ips": [],
            "security_groups": [],
            "source_dest_check": true,
            "spot_instance_request_id": "",
            "subnet_id": "subnet-0b6ea14c8d32ab080",
            "tags": null,
            "tags_all": {},
            "tenancy": "default",
            "timeouts": null,
            "user_data": "59a9b9f01ab206e26c0361fcd7412bf14ebc899a",
            "user_data_base64": null,
            "user_data_replace_on_change": false,
            "volume_tags": null,
            "vpc_security_group_ids": [
              "sg-05715fe97702766ed"
            ]
          },
          "sensitive_attributes": [],
          "private": "eyJlMmJmYjczMC1lY2FhLTExZTYtOGY4OC0zNDM2M2JjN2M0YzAiOnsiY3JlYXRlIjo2MDAwMDAwMDAwMDAsImRlbGV0ZSI6MTIwMDAwMDAwMDAwMCwicmVhZCI6OTAwMDAwMDAwMDAwLCJ1cGRhdGUiOjYwMDAwMDAwMDAwMH0sInNjaGVtYV92ZXJzaW9uIjoiMSJ9",
          "dependencies": [
            "aws_key_pair.tfm_ec2_key",
            "aws_security_group.ssh-allowed-prod",
            "aws_subnet.prod-subnet-private-1",
            "aws_vpc.prod-vpc",
            "tls_private_key.tfm_ec2_key"
          ]
        }
      ]
    },
    {
      "mode": "managed",
      "type": "aws_instance",
      "name": "db2",
      "provider": "provider[\"registry.terraform.io/hashicorp/aws\"]",
      "instances": [
        {
          "schema_version": 1,
          "attributes": {
            "ami": "ami-0f403e3180720dd7e",
            "arn": "arn:aws:ec2:us-east-1:146231429799:instance/i-0534cfa33e0063ad9",
            "associate_public_ip_address": false,
            "availability_zone": "us-east-1b",
            "capacity_reservation_specification": [
              {
                "capacity_reservation_preference": "open",
                "capacity_reservation_target": []
              }
            ],
            "cpu_core_count": 2,
            "cpu_options": [
              {
                "amd_sev_snp": "",
                "core_count": 2,
                "threads_per_core": 2
              }
            ],
            "cpu_threads_per_core": 2,
            "credit_specification": [
              {
                "cpu_credits": "unlimited"
              }
            ],
            "disable_api_stop": false,
            "disable_api_termination": false,
            "ebs_block_device": [],
            "ebs_optimized": false,
            "enclave_options": [
              {
                "enabled": false
              }
            ],
            "ephemeral_block_device": [],
            "get_password_data": false,
            "hibernation": false,
            "host_id": "",
            "host_resource_group_arn": null,
            "iam_instance_profile": "",
            "id": "i-0534cfa33e0063ad9",
            "instance_initiated_shutdown_behavior": "stop",
            "instance_lifecycle": "",
            "instance_market_options": [],
            "instance_state": "running",
            "instance_type": "t3.xlarge",
            "ipv6_address_count": 0,
            "ipv6_addresses": [],
            "key_name": "tfm_ec2_key",
            "launch_template": [],
            "maintenance_options": [
              {
                "auto_recovery": "default"
              }
            ],
            "metadata_options": [
              {
                "http_endpoint": "enabled",
                "http_protocol_ipv6": "disabled",
                "http_put_response_hop_limit": 2,
                "http_tokens": "required",
                "instance_metadata_tags": "disabled"
              }
            ],
            "monitoring": false,
            "network_interface": [],
            "outpost_arn": "",
            "password_data": "",
            "placement_group": "",
            "placement_partition_number": 0,
            "primary_network_interface_id": "eni-0e75db77372cfaca4",
            "private_dns": "ip-12-0-2-119.ec2.internal",
            "private_dns_name_options": [
              {
                "enable_resource_name_dns_a_record": false,
                "enable_resource_name_dns_aaaa_record": false,
                "hostname_type": "ip-name"
              }
            ],
            "private_ip": "12.0.2.119",
            "public_dns": "",
            "public_ip": "",
            "root_block_device": [
              {
                "delete_on_termination": true,
                "device_name": "/dev/xvda",
                "encrypted": false,
                "iops": 3000,
                "kms_key_id": "",
                "tags": {},
                "tags_all": {},
                "throughput": 125,
                "volume_id": "vol-0cfd33160b1f6f202",
                "volume_size": 8,
                "volume_type": "gp3"
              }
            ],
            "secondary_private_ips": [],
            "security_groups": [],
            "source_dest_check": true,
            "spot_instance_request_id": "",
            "subnet_id": "subnet-04d00110f2acca538",
            "tags": null,
            "tags_all": {},
            "tenancy": "default",
            "timeouts": null,
            "user_data": "59a9b9f01ab206e26c0361fcd7412bf14ebc899a",
            "user_data_base64": null,
            "user_data_replace_on_change": false,
            "volume_tags": null,
            "vpc_security_group_ids": [
              "sg-07c4b9429d0bee54f"
            ]
          },
          "sensitive_attributes": [],
          "private": "eyJlMmJmYjczMC1lY2FhLTExZTYtOGY4OC0zNDM2M2JjN2M0YzAiOnsiY3JlYXRlIjo2MDAwMDAwMDAwMDAsImRlbGV0ZSI6MTIwMDAwMDAwMDAwMCwicmVhZCI6OTAwMDAwMDAwMDAwLCJ1cGRhdGUiOjYwMDAwMDAwMDAwMH0sInNjaGVtYV92ZXJzaW9uIjoiMSJ9",
          "dependencies": [
            "aws_key_pair.tfm_ec2_key",
            "aws_security_group.ssh-allowed-dev",
            "aws_subnet.dev-subnet-private-1",
            "aws_vpc.dev-vpc",
            "tls_private_key.tfm_ec2_key"
          ]
        }
      ]
    },
    {
      "mode": "managed",
      "type": "aws_instance",
      "name": "web1",
      "provider": "provider[\"registry.terraform.io/hashicorp/aws\"]",
      "instances": [
        {
          "schema_version": 1,
          "attributes": {
            "ami": "ami-0f403e3180720dd7e",
            "arn": "arn:aws:ec2:us-east-1:146231429799:instance/i-08f0c20e7d1732867",
            "associate_public_ip_address": true,
            "availability_zone": "us-east-1c",
            "capacity_reservation_specification": [
              {
                "capacity_reservation_preference": "open",
                "capacity_reservation_target": []
              }
            ],
            "cpu_core_count": 2,
            "cpu_options": [
              {
                "amd_sev_snp": "",
                "core_count": 2,
                "threads_per_core": 2
              }
            ],
            "cpu_threads_per_core": 2,
            "credit_specification": [
              {
                "cpu_credits": "unlimited"
              }
            ],
            "disable_api_stop": false,
            "disable_api_termination": false,
            "ebs_block_device": [],
            "ebs_optimized": false,
            "enclave_options": [
              {
                "enabled": false
              }
            ],
            "ephemeral_block_device": [],
            "get_password_data": false,
            "hibernation": false,
            "host_id": "",
            "host_resource_group_arn": null,
            "iam_instance_profile": "",
            "id": "i-08f0c20e7d1732867",
            "instance_initiated_shutdown_behavior": "stop",
            "instance_lifecycle": "",
            "instance_market_options": [],
            "instance_state": "running",
            "instance_type": "t3.xlarge",
            "ipv6_address_count": 0,
            "ipv6_addresses": [],
            "key_name": "tfm_ec2_key",
            "launch_template": [],
            "maintenance_options": [
              {
                "auto_recovery": "default"
              }
            ],
            "metadata_options": [
              {
                "http_endpoint": "enabled",
                "http_protocol_ipv6": "disabled",
                "http_put_response_hop_limit": 2,
                "http_tokens": "required",
                "instance_metadata_tags": "disabled"
              }
            ],
            "monitoring": false,
            "network_interface": [],
            "outpost_arn": "",
            "password_data": "",
            "placement_group": "",
            "placement_partition_number": 0,
            "primary_network_interface_id": "eni-0bb9813b98dc9b260",
            "private_dns": "ip-11-0-1-227.ec2.internal",
            "private_dns_name_options": [
              {
                "enable_resource_name_dns_a_record": false,
                "enable_resource_name_dns_aaaa_record": false,
                "hostname_type": "ip-name"
              }
            ],
            "private_ip": "11.0.1.227",
            "public_dns": "ec2-54-91-244-66.compute-1.amazonaws.com",
            "public_ip": "54.91.244.66",
            "root_block_device": [
              {
                "delete_on_termination": true,
                "device_name": "/dev/xvda",
                "encrypted": false,
                "iops": 3000,
                "kms_key_id": "",
                "tags": {},
                "tags_all": {},
                "throughput": 125,
                "volume_id": "vol-08793ffdcd8f3631b",
                "volume_size": 8,
                "volume_type": "gp3"
              }
            ],
            "secondary_private_ips": [],
            "security_groups": [],
            "source_dest_check": true,
            "spot_instance_request_id": "",
            "subnet_id": "subnet-0688c219260c4baee",
            "tags": null,
            "tags_all": {},
            "tenancy": "default",
            "timeouts": null,
            "user_data": null,
            "user_data_base64": null,
            "user_data_replace_on_change": false,
            "volume_tags": null,
            "vpc_security_group_ids": [
              "sg-05715fe97702766ed"
            ]
          },
          "sensitive_attributes": [],
          "private": "eyJlMmJmYjczMC1lY2FhLTExZTYtOGY4OC0zNDM2M2JjN2M0YzAiOnsiY3JlYXRlIjo2MDAwMDAwMDAwMDAsImRlbGV0ZSI6MTIwMDAwMDAwMDAwMCwicmVhZCI6OTAwMDAwMDAwMDAwLCJ1cGRhdGUiOjYwMDAwMDAwMDAwMH0sInNjaGVtYV92ZXJzaW9uIjoiMSJ9",
          "dependencies": [
            "aws_key_pair.tfm_ec2_key",
            "aws_security_group.ssh-allowed-prod",
            "aws_subnet.prod-subnet-public-1",
            "aws_vpc.prod-vpc",
            "local_file.tfm_ec2_key",
            "tls_private_key.tfm_ec2_key"
          ]
        }
      ]
    },
    {
      "mode": "managed",
      "type": "aws_instance",
      "name": "web2",
      "provider": "provider[\"registry.terraform.io/hashicorp/aws\"]",
      "instances": [
        {
          "schema_version": 1,
          "attributes": {
            "ami": "ami-0f403e3180720dd7e",
            "arn": "arn:aws:ec2:us-east-1:146231429799:instance/i-01354b5a3e463aaff",
            "associate_public_ip_address": true,
            "availability_zone": "us-east-1c",
            "capacity_reservation_specification": [
              {
                "capacity_reservation_preference": "open",
                "capacity_reservation_target": []
              }
            ],
            "cpu_core_count": 2,
            "cpu_options": [
              {
                "amd_sev_snp": "",
                "core_count": 2,
                "threads_per_core": 2
              }
            ],
            "cpu_threads_per_core": 2,
            "credit_specification": [
              {
                "cpu_credits": "unlimited"
              }
            ],
            "disable_api_stop": false,
            "disable_api_termination": false,
            "ebs_block_device": [],
            "ebs_optimized": false,
            "enclave_options": [
              {
                "enabled": false
              }
            ],
            "ephemeral_block_device": [],
            "get_password_data": false,
            "hibernation": false,
            "host_id": "",
            "host_resource_group_arn": null,
            "iam_instance_profile": "",
            "id": "i-01354b5a3e463aaff",
            "instance_initiated_shutdown_behavior": "stop",
            "instance_lifecycle": "",
            "instance_market_options": [],
            "instance_state": "running",
            "instance_type": "t3.xlarge",
            "ipv6_address_count": 0,
            "ipv6_addresses": [],
            "key_name": "tfm_ec2_key",
            "launch_template": [],
            "maintenance_options": [
              {
                "auto_recovery": "default"
              }
            ],
            "metadata_options": [
              {
                "http_endpoint": "enabled",
                "http_protocol_ipv6": "disabled",
                "http_put_response_hop_limit": 2,
                "http_tokens": "required",
                "instance_metadata_tags": "disabled"
              }
            ],
            "monitoring": false,
            "network_interface": [],
            "outpost_arn": "",
            "password_data": "",
            "placement_group": "",
            "placement_partition_number": 0,
            "primary_network_interface_id": "eni-029e6eb7012000441",
            "private_dns": "ip-12-0-1-228.ec2.internal",
            "private_dns_name_options": [
              {
                "enable_resource_name_dns_a_record": false,
                "enable_resource_name_dns_aaaa_record": false,
                "hostname_type": "ip-name"
              }
            ],
            "private_ip": "12.0.1.228",
            "public_dns": "ec2-3-86-2-103.compute-1.amazonaws.com",
            "public_ip": "3.86.2.103",
            "root_block_device": [
              {
                "delete_on_termination": true,
                "device_name": "/dev/xvda",
                "encrypted": false,
                "iops": 3000,
                "kms_key_id": "",
                "tags": {},
                "tags_all": {},
                "throughput": 125,
                "volume_id": "vol-06790993ce55447b5",
                "volume_size": 8,
                "volume_type": "gp3"
              }
            ],
            "secondary_private_ips": [],
            "security_groups": [],
            "source_dest_check": true,
            "spot_instance_request_id": "",
            "subnet_id": "subnet-024c657cfd1686c85",
            "tags": null,
            "tags_all": {},
            "tenancy": "default",
            "timeouts": null,
            "user_data": null,
            "user_data_base64": null,
            "user_data_replace_on_change": false,
            "volume_tags": null,
            "vpc_security_group_ids": [
              "sg-07c4b9429d0bee54f"
            ]
          },
          "sensitive_attributes": [],
          "private": "eyJlMmJmYjczMC1lY2FhLTExZTYtOGY4OC0zNDM2M2JjN2M0YzAiOnsiY3JlYXRlIjo2MDAwMDAwMDAwMDAsImRlbGV0ZSI6MTIwMDAwMDAwMDAwMCwicmVhZCI6OTAwMDAwMDAwMDAwLCJ1cGRhdGUiOjYwMDAwMDAwMDAwMH0sInNjaGVtYV92ZXJzaW9uIjoiMSJ9",
          "dependencies": [
            "aws_key_pair.tfm_ec2_key",
            "aws_security_group.ssh-allowed-dev",
            "aws_subnet.dev-subnet-public-1",
            "aws_vpc.dev-vpc",
            "local_file.tfm_ec2_key",
            "tls_private_key.tfm_ec2_key"
          ]
        }
      ]
    },
    {
      "mode": "managed",
      "type": "aws_internet_gateway",
      "name": "dev-igw",
      "provider": "provider[\"registry.terraform.io/hashicorp/aws\"]",
      "instances": [
        {
          "schema_version": 0,
          "attributes": {
            "arn": "arn:aws:ec2:us-east-1:146231429799:internet-gateway/igw-0de873043322fb772",
            "id": "igw-0de873043322fb772",
            "owner_id": "146231429799",
            "tags": null,
            "tags_all": {},
            "timeouts": null,
            "vpc_id": "vpc-0541c4f97d3ec127d"
          },
          "sensitive_attributes": [],
          "private": "eyJlMmJmYjczMC1lY2FhLTExZTYtOGY4OC0zNDM2M2JjN2M0YzAiOnsiY3JlYXRlIjoxMjAwMDAwMDAwMDAwLCJkZWxldGUiOjEyMDAwMDAwMDAwMDAsInVwZGF0ZSI6MTIwMDAwMDAwMDAwMH19",
          "dependencies": [
            "aws_vpc.dev-vpc"
          ]
        }
      ]
    },
    {
      "mode": "managed",
      "type": "aws_internet_gateway",
      "name": "prod-igw",
      "provider": "provider[\"registry.terraform.io/hashicorp/aws\"]",
      "instances": [
        {
          "schema_version": 0,
          "attributes": {
            "arn": "arn:aws:ec2:us-east-1:146231429799:internet-gateway/igw-00d4fc275b5e98363",
            "id": "igw-00d4fc275b5e98363",
            "owner_id": "146231429799",
            "tags": null,
            "tags_all": {},
            "timeouts": null,
            "vpc_id": "vpc-01c8631b69421478d"
          },
          "sensitive_attributes": [],
          "private": "eyJlMmJmYjczMC1lY2FhLTExZTYtOGY4OC0zNDM2M2JjN2M0YzAiOnsiY3JlYXRlIjoxMjAwMDAwMDAwMDAwLCJkZWxldGUiOjEyMDAwMDAwMDAwMDAsInVwZGF0ZSI6MTIwMDAwMDAwMDAwMH19",
          "dependencies": [
            "aws_vpc.prod-vpc"
          ]
        }
      ]
    },
    {
      "mode": "managed",
      "type": "aws_key_pair",
      "name": "tfm_ec2_key",
      "provider": "provider[\"registry.terraform.io/hashicorp/aws\"]",
      "instances": [
        {
          "schema_version": 1,
          "attributes": {
            "arn": "arn:aws:ec2:us-east-1:146231429799:key-pair/tfm_ec2_key",
            "fingerprint": "7c:16:6d:a3:13:b9:c9:9e:12:00:0e:d2:5d:ae:ea:b6",
            "id": "tfm_ec2_key",
            "key_name": "tfm_ec2_key",
            "key_name_prefix": "",
            "key_pair_id": "key-0cf1972b27160354a",
            "key_type": "rsa",
            "public_key": "ssh-rsa AAAAB3NzaC1yc2EAAAADAQABAAACAQCcR2Keyfe0Vlf3Xca9kTRAWYobGYwX+XJX9XeKrLc4SF/NpC7oP6HeeTzH6l1M6XcbyAri+NQQsVQG3+7JKeeI60eVQ2Bj2w1VvKoIe4SslNW5XCGysNo00VZ3ocWvtSBxosWKszvHVlitfEdM9wjXi76CtvkvcdRA3/23LhnU9bBFnD64NXJssIBvx63qctCSPYoZvTQsd1nCczf3WSSQDcujv8EZqjzTOZvBo7j/tqYoUTYjrxE20IL7l3Qec3MMlJ1/r8Vx7Ka9SAlmvuBCOvxktpi1cqQvhI2xkxLZ6Lg3HmTkLxPP2TORsgepU9jBGvFhByaJpB3MGTlIbcDNeV4XnuIExCAXzgRk4GBXKKeTs47+8liAjYpjLiQcziS9YzIA3fxRYeWs0IDpAQlEn8UEFbqPeUhloIxXaNMfapEQ9xkoJM8V2DL8hm6ygloHinouEEFHlmwKCaYWfCTRpGjh0k8PJu6YD1ZDu8qkYCHguR/1BTEJh2JflvvkJlS0zZlACJGusReYZzv6l4xRK84LKyoya0DHOU6aq60rqfDge6mWgZ4z1/wRc4x1Hwurk7rf/oZrjRv0lE6+5llS1/4gC87PzBODnVrVjYwLQEQl9C7V2U0O3QUS7llo3VRDhk1QwFKq810dUX7xaZoVcPSECm5v9cnVaj4QziL1Dw==",
            "tags": null,
            "tags_all": {}
          },
          "sensitive_attributes": [],
          "private": "eyJzY2hlbWFfdmVyc2lvbiI6IjEifQ==",
          "dependencies": [
            "tls_private_key.tfm_ec2_key"
          ]
        }
      ]
    },
    {
      "mode": "managed",
      "type": "aws_nat_gateway",
      "name": "dev-nat-gateway",
      "provider": "provider[\"registry.terraform.io/hashicorp/aws\"]",
      "instances": [
        {
          "schema_version": 0,
          "attributes": {
            "allocation_id": "eipalloc-0b9a4da5cff085bf2",
            "association_id": "eipassoc-05e6e141a0d91924c",
            "connectivity_type": "public",
            "id": "nat-08d7e94c2d01aa598",
            "network_interface_id": "eni-06364f1dcc422dc0f",
            "private_ip": "12.0.1.151",
            "public_ip": "54.164.12.142",
            "secondary_allocation_ids": null,
            "secondary_private_ip_address_count": 0,
            "secondary_private_ip_addresses": [],
            "subnet_id": "subnet-024c657cfd1686c85",
            "tags": null,
            "tags_all": {},
            "timeouts": null
          },
          "sensitive_attributes": [],
          "private": "eyJlMmJmYjczMC1lY2FhLTExZTYtOGY4OC0zNDM2M2JjN2M0YzAiOnsiY3JlYXRlIjo2MDAwMDAwMDAwMDAsImRlbGV0ZSI6MTgwMDAwMDAwMDAwMCwidXBkYXRlIjo2MDAwMDAwMDAwMDB9fQ==",
          "dependencies": [
            "aws_eip.dev_nat_gateway",
            "aws_internet_gateway.dev-igw",
            "aws_subnet.dev-subnet-public-1",
            "aws_vpc.dev-vpc"
          ]
        }
      ]
    },
    {
      "mode": "managed",
      "type": "aws_nat_gateway",
      "name": "prod-nat-gateway",
      "provider": "provider[\"registry.terraform.io/hashicorp/aws\"]",
      "instances": [
        {
          "schema_version": 0,
          "attributes": {
            "allocation_id": "eipalloc-0ecd71bf79dbed7b7",
            "association_id": "eipassoc-0fb87ee336ce98caf",
            "connectivity_type": "public",
            "id": "nat-0a37afebad8c1dd86",
            "network_interface_id": "eni-01890f1153112a38f",
            "private_ip": "11.0.1.217",
            "public_ip": "44.217.23.114",
            "secondary_allocation_ids": null,
            "secondary_private_ip_address_count": 0,
            "secondary_private_ip_addresses": [],
            "subnet_id": "subnet-0688c219260c4baee",
            "tags": null,
            "tags_all": {},
            "timeouts": null
          },
          "sensitive_attributes": [],
          "private": "eyJlMmJmYjczMC1lY2FhLTExZTYtOGY4OC0zNDM2M2JjN2M0YzAiOnsiY3JlYXRlIjo2MDAwMDAwMDAwMDAsImRlbGV0ZSI6MTgwMDAwMDAwMDAwMCwidXBkYXRlIjo2MDAwMDAwMDAwMDB9fQ==",
          "dependencies": [
            "aws_eip.prod_nat_gateway",
            "aws_internet_gateway.prod-igw",
            "aws_subnet.prod-subnet-public-1",
            "aws_vpc.prod-vpc"
          ]
        }
      ]
    },
    {
      "mode": "managed",
      "type": "aws_route",
      "name": "route_to_dev_private_crt",
      "provider": "provider[\"registry.terraform.io/hashicorp/aws\"]",
      "instances": [
        {
          "schema_version": 0,
          "attributes": {
            "carrier_gateway_id": "",
            "core_network_arn": "",
            "destination_cidr_block": "11.0.0.0/16",
            "destination_ipv6_cidr_block": "",
            "destination_prefix_list_id": "",
            "egress_only_gateway_id": "",
            "gateway_id": "",
            "id": "r-rtb-00b9c931339bba32e3849877796",
            "instance_id": "",
            "instance_owner_id": "",
            "local_gateway_id": "",
            "nat_gateway_id": "",
            "network_interface_id": "",
            "origin": "CreateRoute",
            "route_table_id": "rtb-00b9c931339bba32e",
            "state": "active",
            "timeouts": null,
            "transit_gateway_id": "",
            "vpc_endpoint_id": "",
            "vpc_peering_connection_id": "pcx-0c00f35707536637f"
          },
          "sensitive_attributes": [],
          "private": "eyJlMmJmYjczMC1lY2FhLTExZTYtOGY4OC0zNDM2M2JjN2M0YzAiOnsiY3JlYXRlIjozMDAwMDAwMDAwMDAsImRlbGV0ZSI6MzAwMDAwMDAwMDAwLCJ1cGRhdGUiOjEyMDAwMDAwMDAwMH19",
          "dependencies": [
            "aws_eip.dev_nat_gateway",
            "aws_internet_gateway.dev-igw",
            "aws_nat_gateway.dev-nat-gateway",
            "aws_route_table.dev-private-crt",
            "aws_subnet.dev-subnet-public-1",
            "aws_vpc.dev-vpc",
            "aws_vpc.prod-vpc",
            "aws_vpc_peering_connection.vpc_peering"
          ]
        }
      ]
    },
    {
      "mode": "managed",
      "type": "aws_route",
      "name": "route_to_prod_private_crt",
      "provider": "provider[\"registry.terraform.io/hashicorp/aws\"]",
      "instances": [
        {
          "schema_version": 0,
          "attributes": {
            "carrier_gateway_id": "",
            "core_network_arn": "",
            "destination_cidr_block": "12.0.0.0/16",
            "destination_ipv6_cidr_block": "",
            "destination_prefix_list_id": "",
            "egress_only_gateway_id": "",
            "gateway_id": "",
            "id": "r-rtb-081286a85ec26e6bc240108071",
            "instance_id": "",
            "instance_owner_id": "",
            "local_gateway_id": "",
            "nat_gateway_id": "",
            "network_interface_id": "",
            "origin": "CreateRoute",
            "route_table_id": "rtb-081286a85ec26e6bc",
            "state": "active",
            "timeouts": null,
            "transit_gateway_id": "",
            "vpc_endpoint_id": "",
            "vpc_peering_connection_id": "pcx-0c00f35707536637f"
          },
          "sensitive_attributes": [],
          "private": "eyJlMmJmYjczMC1lY2FhLTExZTYtOGY4OC0zNDM2M2JjN2M0YzAiOnsiY3JlYXRlIjozMDAwMDAwMDAwMDAsImRlbGV0ZSI6MzAwMDAwMDAwMDAwLCJ1cGRhdGUiOjEyMDAwMDAwMDAwMH19",
          "dependencies": [
            "aws_eip.prod_nat_gateway",
            "aws_internet_gateway.prod-igw",
            "aws_nat_gateway.prod-nat-gateway",
            "aws_route_table.prod-private-crt",
            "aws_subnet.prod-subnet-public-1",
            "aws_vpc.dev-vpc",
            "aws_vpc.prod-vpc",
            "aws_vpc_peering_connection.vpc_peering"
          ]
        }
      ]
    },
    {
      "mode": "managed",
      "type": "aws_route_table",
      "name": "dev-private-crt",
      "provider": "provider[\"registry.terraform.io/hashicorp/aws\"]",
      "instances": [
        {
          "schema_version": 0,
          "attributes": {
            "arn": "arn:aws:ec2:us-east-1:146231429799:route-table/rtb-00b9c931339bba32e",
            "id": "rtb-00b9c931339bba32e",
            "owner_id": "146231429799",
            "propagating_vgws": [],
            "route": [
              {
                "carrier_gateway_id": "",
                "cidr_block": "0.0.0.0/0",
                "core_network_arn": "",
                "destination_prefix_list_id": "",
                "egress_only_gateway_id": "",
                "gateway_id": "",
                "ipv6_cidr_block": "",
                "local_gateway_id": "",
                "nat_gateway_id": "nat-08d7e94c2d01aa598",
                "network_interface_id": "",
                "transit_gateway_id": "",
                "vpc_endpoint_id": "",
                "vpc_peering_connection_id": ""
              }
            ],
            "tags": null,
            "tags_all": {},
            "timeouts": null,
            "vpc_id": "vpc-0541c4f97d3ec127d"
          },
          "sensitive_attributes": [],
          "private": "eyJlMmJmYjczMC1lY2FhLTExZTYtOGY4OC0zNDM2M2JjN2M0YzAiOnsiY3JlYXRlIjozMDAwMDAwMDAwMDAsImRlbGV0ZSI6MzAwMDAwMDAwMDAwLCJ1cGRhdGUiOjEyMDAwMDAwMDAwMH19",
          "dependencies": [
            "aws_eip.dev_nat_gateway",
            "aws_internet_gateway.dev-igw",
            "aws_nat_gateway.dev-nat-gateway",
            "aws_subnet.dev-subnet-public-1",
            "aws_vpc.dev-vpc"
          ]
        }
      ]
    },
    {
      "mode": "managed",
      "type": "aws_route_table",
      "name": "dev-public-crt",
      "provider": "provider[\"registry.terraform.io/hashicorp/aws\"]",
      "instances": [
        {
          "schema_version": 0,
          "attributes": {
            "arn": "arn:aws:ec2:us-east-1:146231429799:route-table/rtb-0ff845c7e3a3f0f03",
            "id": "rtb-0ff845c7e3a3f0f03",
            "owner_id": "146231429799",
            "propagating_vgws": [],
            "route": [
              {
                "carrier_gateway_id": "",
                "cidr_block": "0.0.0.0/0",
                "core_network_arn": "",
                "destination_prefix_list_id": "",
                "egress_only_gateway_id": "",
                "gateway_id": "igw-0de873043322fb772",
                "ipv6_cidr_block": "",
                "local_gateway_id": "",
                "nat_gateway_id": "",
                "network_interface_id": "",
                "transit_gateway_id": "",
                "vpc_endpoint_id": "",
                "vpc_peering_connection_id": ""
              }
            ],
            "tags": null,
            "tags_all": {},
            "timeouts": null,
            "vpc_id": "vpc-0541c4f97d3ec127d"
          },
          "sensitive_attributes": [],
          "private": "eyJlMmJmYjczMC1lY2FhLTExZTYtOGY4OC0zNDM2M2JjN2M0YzAiOnsiY3JlYXRlIjozMDAwMDAwMDAwMDAsImRlbGV0ZSI6MzAwMDAwMDAwMDAwLCJ1cGRhdGUiOjEyMDAwMDAwMDAwMH19",
          "dependencies": [
            "aws_internet_gateway.dev-igw",
            "aws_vpc.dev-vpc"
          ]
        }
      ]
    },
    {
      "mode": "managed",
      "type": "aws_route_table",
      "name": "prod-private-crt",
      "provider": "provider[\"registry.terraform.io/hashicorp/aws\"]",
      "instances": [
        {
          "schema_version": 0,
          "attributes": {
            "arn": "arn:aws:ec2:us-east-1:146231429799:route-table/rtb-081286a85ec26e6bc",
            "id": "rtb-081286a85ec26e6bc",
            "owner_id": "146231429799",
            "propagating_vgws": [],
            "route": [
              {
                "carrier_gateway_id": "",
                "cidr_block": "0.0.0.0/0",
                "core_network_arn": "",
                "destination_prefix_list_id": "",
                "egress_only_gateway_id": "",
                "gateway_id": "",
                "ipv6_cidr_block": "",
                "local_gateway_id": "",
                "nat_gateway_id": "nat-0a37afebad8c1dd86",
                "network_interface_id": "",
                "transit_gateway_id": "",
                "vpc_endpoint_id": "",
                "vpc_peering_connection_id": ""
              }
            ],
            "tags": null,
            "tags_all": {},
            "timeouts": null,
            "vpc_id": "vpc-01c8631b69421478d"
          },
          "sensitive_attributes": [],
          "private": "eyJlMmJmYjczMC1lY2FhLTExZTYtOGY4OC0zNDM2M2JjN2M0YzAiOnsiY3JlYXRlIjozMDAwMDAwMDAwMDAsImRlbGV0ZSI6MzAwMDAwMDAwMDAwLCJ1cGRhdGUiOjEyMDAwMDAwMDAwMH19",
          "dependencies": [
            "aws_eip.prod_nat_gateway",
            "aws_internet_gateway.prod-igw",
            "aws_nat_gateway.prod-nat-gateway",
            "aws_subnet.prod-subnet-public-1",
            "aws_vpc.prod-vpc"
          ]
        }
      ]
    },
    {
      "mode": "managed",
      "type": "aws_route_table",
      "name": "prod-public-crt",
      "provider": "provider[\"registry.terraform.io/hashicorp/aws\"]",
      "instances": [
        {
          "schema_version": 0,
          "attributes": {
            "arn": "arn:aws:ec2:us-east-1:146231429799:route-table/rtb-0beb9beb6c0786bc3",
            "id": "rtb-0beb9beb6c0786bc3",
            "owner_id": "146231429799",
            "propagating_vgws": [],
            "route": [
              {
                "carrier_gateway_id": "",
                "cidr_block": "0.0.0.0/0",
                "core_network_arn": "",
                "destination_prefix_list_id": "",
                "egress_only_gateway_id": "",
                "gateway_id": "igw-00d4fc275b5e98363",
                "ipv6_cidr_block": "",
                "local_gateway_id": "",
                "nat_gateway_id": "",
                "network_interface_id": "",
                "transit_gateway_id": "",
                "vpc_endpoint_id": "",
                "vpc_peering_connection_id": ""
              }
            ],
            "tags": null,
            "tags_all": {},
            "timeouts": null,
            "vpc_id": "vpc-01c8631b69421478d"
          },
          "sensitive_attributes": [],
          "private": "eyJlMmJmYjczMC1lY2FhLTExZTYtOGY4OC0zNDM2M2JjN2M0YzAiOnsiY3JlYXRlIjozMDAwMDAwMDAwMDAsImRlbGV0ZSI6MzAwMDAwMDAwMDAwLCJ1cGRhdGUiOjEyMDAwMDAwMDAwMH19",
          "dependencies": [
            "aws_internet_gateway.prod-igw",
            "aws_vpc.prod-vpc"
          ]
        }
      ]
    },
    {
      "mode": "managed",
      "type": "aws_route_table_association",
      "name": "dev-crta-private-subnet-1",
      "provider": "provider[\"registry.terraform.io/hashicorp/aws\"]",
      "instances": [
        {
          "schema_version": 0,
          "attributes": {
            "gateway_id": "",
            "id": "rtbassoc-0d8e61add84259023",
            "route_table_id": "rtb-00b9c931339bba32e",
            "subnet_id": "subnet-04d00110f2acca538",
            "timeouts": null
          },
          "sensitive_attributes": [],
          "private": "eyJlMmJmYjczMC1lY2FhLTExZTYtOGY4OC0zNDM2M2JjN2M0YzAiOnsiY3JlYXRlIjozMDAwMDAwMDAwMDAsImRlbGV0ZSI6MzAwMDAwMDAwMDAwLCJ1cGRhdGUiOjEyMDAwMDAwMDAwMH19",
          "dependencies": [
            "aws_eip.dev_nat_gateway",
            "aws_internet_gateway.dev-igw",
            "aws_nat_gateway.dev-nat-gateway",
            "aws_route_table.dev-private-crt",
            "aws_subnet.dev-subnet-private-1",
            "aws_subnet.dev-subnet-public-1",
            "aws_vpc.dev-vpc"
          ]
        }
      ]
    },
    {
      "mode": "managed",
      "type": "aws_route_table_association",
      "name": "dev-crta-public-subnet-1",
      "provider": "provider[\"registry.terraform.io/hashicorp/aws\"]",
      "instances": [
        {
          "schema_version": 0,
          "attributes": {
            "gateway_id": "",
            "id": "rtbassoc-0f07548ec184b0f42",
            "route_table_id": "rtb-0ff845c7e3a3f0f03",
            "subnet_id": "subnet-024c657cfd1686c85",
            "timeouts": null
          },
          "sensitive_attributes": [],
          "private": "eyJlMmJmYjczMC1lY2FhLTExZTYtOGY4OC0zNDM2M2JjN2M0YzAiOnsiY3JlYXRlIjozMDAwMDAwMDAwMDAsImRlbGV0ZSI6MzAwMDAwMDAwMDAwLCJ1cGRhdGUiOjEyMDAwMDAwMDAwMH19",
          "dependencies": [
            "aws_internet_gateway.dev-igw",
            "aws_route_table.dev-public-crt",
            "aws_subnet.dev-subnet-public-1",
            "aws_vpc.dev-vpc"
          ]
        }
      ]
    },
    {
      "mode": "managed",
      "type": "aws_route_table_association",
      "name": "prod-crta-private-subnet-1",
      "provider": "provider[\"registry.terraform.io/hashicorp/aws\"]",
      "instances": [
        {
          "schema_version": 0,
          "attributes": {
            "gateway_id": "",
            "id": "rtbassoc-033bc656edfe3770c",
            "route_table_id": "rtb-081286a85ec26e6bc",
            "subnet_id": "subnet-0b6ea14c8d32ab080",
            "timeouts": null
          },
          "sensitive_attributes": [],
          "private": "eyJlMmJmYjczMC1lY2FhLTExZTYtOGY4OC0zNDM2M2JjN2M0YzAiOnsiY3JlYXRlIjozMDAwMDAwMDAwMDAsImRlbGV0ZSI6MzAwMDAwMDAwMDAwLCJ1cGRhdGUiOjEyMDAwMDAwMDAwMH19",
          "dependencies": [
            "aws_eip.prod_nat_gateway",
            "aws_internet_gateway.prod-igw",
            "aws_nat_gateway.prod-nat-gateway",
            "aws_route_table.prod-private-crt",
            "aws_subnet.prod-subnet-private-1",
            "aws_subnet.prod-subnet-public-1",
            "aws_vpc.prod-vpc"
          ]
        }
      ]
    },
    {
      "mode": "managed",
      "type": "aws_route_table_association",
      "name": "prod-crta-public-subnet-1",
      "provider": "provider[\"registry.terraform.io/hashicorp/aws\"]",
      "instances": [
        {
          "schema_version": 0,
          "attributes": {
            "gateway_id": "",
            "id": "rtbassoc-01460dfa7972acd59",
            "route_table_id": "rtb-0beb9beb6c0786bc3",
            "subnet_id": "subnet-0688c219260c4baee",
            "timeouts": null
          },
          "sensitive_attributes": [],
          "private": "eyJlMmJmYjczMC1lY2FhLTExZTYtOGY4OC0zNDM2M2JjN2M0YzAiOnsiY3JlYXRlIjozMDAwMDAwMDAwMDAsImRlbGV0ZSI6MzAwMDAwMDAwMDAwLCJ1cGRhdGUiOjEyMDAwMDAwMDAwMH19",
          "dependencies": [
            "aws_internet_gateway.prod-igw",
            "aws_route_table.prod-public-crt",
            "aws_subnet.prod-subnet-public-1",
            "aws_vpc.prod-vpc"
          ]
        }
      ]
    },
    {
      "mode": "managed",
      "type": "aws_security_group",
      "name": "ssh-allowed-dev",
      "provider": "provider[\"registry.terraform.io/hashicorp/aws\"]",
      "instances": [
        {
          "schema_version": 1,
          "attributes": {
            "arn": "arn:aws:ec2:us-east-1:146231429799:security-group/sg-07c4b9429d0bee54f",
            "description": "Managed by Terraform",
            "egress": [
              {
                "cidr_blocks": [
                  "0.0.0.0/0"
                ],
                "description": "",
                "from_port": 0,
                "ipv6_cidr_blocks": [],
                "prefix_list_ids": [],
                "protocol": "-1",
                "security_groups": [],
                "self": false,
                "to_port": 0
              }
            ],
            "id": "sg-07c4b9429d0bee54f",
            "ingress": [
              {
                "cidr_blocks": [
                  "0.0.0.0/0"
                ],
                "description": "",
                "from_port": 22,
                "ipv6_cidr_blocks": [],
                "prefix_list_ids": [],
                "protocol": "tcp",
                "security_groups": [],
                "self": false,
                "to_port": 22
              },
              {
                "cidr_blocks": [
                  "0.0.0.0/0"
                ],
                "description": "",
                "from_port": 443,
                "ipv6_cidr_blocks": [],
                "prefix_list_ids": [],
                "protocol": "tcp",
                "security_groups": [],
                "self": false,
                "to_port": 443
              },
              {
                "cidr_blocks": [
                  "0.0.0.0/0"
                ],
                "description": "",
                "from_port": 80,
                "ipv6_cidr_blocks": [],
                "prefix_list_ids": [],
                "protocol": "tcp",
                "security_groups": [],
                "self": false,
                "to_port": 80
              }
            ],
            "name": "terraform-20240425091856988800000002",
            "name_prefix": "terraform-",
            "owner_id": "146231429799",
            "revoke_rules_on_delete": false,
            "tags": null,
            "tags_all": {},
            "timeouts": null,
            "vpc_id": "vpc-0541c4f97d3ec127d"
          },
          "sensitive_attributes": [],
          "private": "eyJlMmJmYjczMC1lY2FhLTExZTYtOGY4OC0zNDM2M2JjN2M0YzAiOnsiY3JlYXRlIjo2MDAwMDAwMDAwMDAsImRlbGV0ZSI6OTAwMDAwMDAwMDAwfSwic2NoZW1hX3ZlcnNpb24iOiIxIn0=",
          "dependencies": [
            "aws_vpc.dev-vpc"
          ]
        }
      ]
    },
    {
      "mode": "managed",
      "type": "aws_security_group",
      "name": "ssh-allowed-prod",
      "provider": "provider[\"registry.terraform.io/hashicorp/aws\"]",
      "instances": [
        {
          "schema_version": 1,
          "attributes": {
            "arn": "arn:aws:ec2:us-east-1:146231429799:security-group/sg-05715fe97702766ed",
            "description": "Managed by Terraform",
            "egress": [
              {
                "cidr_blocks": [
                  "0.0.0.0/0"
                ],
                "description": "",
                "from_port": 0,
                "ipv6_cidr_blocks": [],
                "prefix_list_ids": [],
                "protocol": "-1",
                "security_groups": [],
                "self": false,
                "to_port": 0
              }
            ],
            "id": "sg-05715fe97702766ed",
            "ingress": [
              {
                "cidr_blocks": [
                  "0.0.0.0/0"
                ],
                "description": "",
                "from_port": 22,
                "ipv6_cidr_blocks": [],
                "prefix_list_ids": [],
                "protocol": "tcp",
                "security_groups": [],
                "self": false,
                "to_port": 22
              },
              {
                "cidr_blocks": [
                  "0.0.0.0/0"
                ],
                "description": "",
                "from_port": 443,
                "ipv6_cidr_blocks": [],
                "prefix_list_ids": [],
                "protocol": "tcp",
                "security_groups": [],
                "self": false,
                "to_port": 443
              },
              {
                "cidr_blocks": [
                  "0.0.0.0/0"
                ],
                "description": "",
                "from_port": 80,
                "ipv6_cidr_blocks": [],
                "prefix_list_ids": [],
                "protocol": "tcp",
                "security_groups": [],
                "self": false,
                "to_port": 80
              }
            ],
            "name": "terraform-20240425091856860100000001",
            "name_prefix": "terraform-",
            "owner_id": "146231429799",
            "revoke_rules_on_delete": false,
            "tags": null,
            "tags_all": {},
            "timeouts": null,
            "vpc_id": "vpc-01c8631b69421478d"
          },
          "sensitive_attributes": [],
          "private": "eyJlMmJmYjczMC1lY2FhLTExZTYtOGY4OC0zNDM2M2JjN2M0YzAiOnsiY3JlYXRlIjo2MDAwMDAwMDAwMDAsImRlbGV0ZSI6OTAwMDAwMDAwMDAwfSwic2NoZW1hX3ZlcnNpb24iOiIxIn0=",
          "dependencies": [
            "aws_vpc.prod-vpc"
          ]
        }
      ]
    },
    {
      "mode": "managed",
      "type": "aws_subnet",
      "name": "dev-subnet-private-1",
      "provider": "provider[\"registry.terraform.io/hashicorp/aws\"]",
      "instances": [
        {
          "schema_version": 1,
          "attributes": {
            "arn": "arn:aws:ec2:us-east-1:146231429799:subnet/subnet-04d00110f2acca538",
            "assign_ipv6_address_on_creation": false,
            "availability_zone": "us-east-1b",
            "availability_zone_id": "use1-az4",
            "cidr_block": "12.0.2.0/24",
            "customer_owned_ipv4_pool": "",
            "enable_dns64": false,
            "enable_lni_at_device_index": 0,
            "enable_resource_name_dns_a_record_on_launch": false,
            "enable_resource_name_dns_aaaa_record_on_launch": false,
            "id": "subnet-04d00110f2acca538",
            "ipv6_cidr_block": "",
            "ipv6_cidr_block_association_id": "",
            "ipv6_native": false,
            "map_customer_owned_ip_on_launch": false,
            "map_public_ip_on_launch": false,
            "outpost_arn": "",
            "owner_id": "146231429799",
            "private_dns_hostname_type_on_launch": "ip-name",
            "tags": null,
            "tags_all": {},
            "timeouts": null,
            "vpc_id": "vpc-0541c4f97d3ec127d"
          },
          "sensitive_attributes": [],
          "private": "eyJlMmJmYjczMC1lY2FhLTExZTYtOGY4OC0zNDM2M2JjN2M0YzAiOnsiY3JlYXRlIjo2MDAwMDAwMDAwMDAsImRlbGV0ZSI6MTIwMDAwMDAwMDAwMH0sInNjaGVtYV92ZXJzaW9uIjoiMSJ9",
          "dependencies": [
            "aws_vpc.dev-vpc"
          ]
        }
      ]
    },
    {
      "mode": "managed",
      "type": "aws_subnet",
      "name": "dev-subnet-public-1",
      "provider": "provider[\"registry.terraform.io/hashicorp/aws\"]",
      "instances": [
        {
          "schema_version": 1,
          "attributes": {
            "arn": "arn:aws:ec2:us-east-1:146231429799:subnet/subnet-024c657cfd1686c85",
            "assign_ipv6_address_on_creation": false,
            "availability_zone": "us-east-1c",
            "availability_zone_id": "use1-az6",
            "cidr_block": "12.0.1.0/24",
            "customer_owned_ipv4_pool": "",
            "enable_dns64": false,
            "enable_lni_at_device_index": 0,
            "enable_resource_name_dns_a_record_on_launch": false,
            "enable_resource_name_dns_aaaa_record_on_launch": false,
            "id": "subnet-024c657cfd1686c85",
            "ipv6_cidr_block": "",
            "ipv6_cidr_block_association_id": "",
            "ipv6_native": false,
            "map_customer_owned_ip_on_launch": false,
            "map_public_ip_on_launch": true,
            "outpost_arn": "",
            "owner_id": "146231429799",
            "private_dns_hostname_type_on_launch": "ip-name",
            "tags": null,
            "tags_all": {},
            "timeouts": null,
            "vpc_id": "vpc-0541c4f97d3ec127d"
          },
          "sensitive_attributes": [],
          "private": "eyJlMmJmYjczMC1lY2FhLTExZTYtOGY4OC0zNDM2M2JjN2M0YzAiOnsiY3JlYXRlIjo2MDAwMDAwMDAwMDAsImRlbGV0ZSI6MTIwMDAwMDAwMDAwMH0sInNjaGVtYV92ZXJzaW9uIjoiMSJ9",
          "dependencies": [
            "aws_vpc.dev-vpc"
          ]
        }
      ]
    },
    {
      "mode": "managed",
      "type": "aws_subnet",
      "name": "prod-subnet-private-1",
      "provider": "provider[\"registry.terraform.io/hashicorp/aws\"]",
      "instances": [
        {
          "schema_version": 1,
          "attributes": {
            "arn": "arn:aws:ec2:us-east-1:146231429799:subnet/subnet-0b6ea14c8d32ab080",
            "assign_ipv6_address_on_creation": false,
            "availability_zone": "us-east-1c",
            "availability_zone_id": "use1-az6",
            "cidr_block": "11.0.2.0/24",
            "customer_owned_ipv4_pool": "",
            "enable_dns64": false,
            "enable_lni_at_device_index": 0,
            "enable_resource_name_dns_a_record_on_launch": false,
            "enable_resource_name_dns_aaaa_record_on_launch": false,
            "id": "subnet-0b6ea14c8d32ab080",
            "ipv6_cidr_block": "",
            "ipv6_cidr_block_association_id": "",
            "ipv6_native": false,
            "map_customer_owned_ip_on_launch": false,
            "map_public_ip_on_launch": false,
            "outpost_arn": "",
            "owner_id": "146231429799",
            "private_dns_hostname_type_on_launch": "ip-name",
            "tags": null,
            "tags_all": {},
            "timeouts": null,
            "vpc_id": "vpc-01c8631b69421478d"
          },
          "sensitive_attributes": [],
          "private": "eyJlMmJmYjczMC1lY2FhLTExZTYtOGY4OC0zNDM2M2JjN2M0YzAiOnsiY3JlYXRlIjo2MDAwMDAwMDAwMDAsImRlbGV0ZSI6MTIwMDAwMDAwMDAwMH0sInNjaGVtYV92ZXJzaW9uIjoiMSJ9",
          "dependencies": [
            "aws_vpc.prod-vpc"
          ]
        }
      ]
    },
    {
      "mode": "managed",
      "type": "aws_subnet",
      "name": "prod-subnet-public-1",
      "provider": "provider[\"registry.terraform.io/hashicorp/aws\"]",
      "instances": [
        {
          "schema_version": 1,
          "attributes": {
            "arn": "arn:aws:ec2:us-east-1:146231429799:subnet/subnet-0688c219260c4baee",
            "assign_ipv6_address_on_creation": false,
            "availability_zone": "us-east-1c",
            "availability_zone_id": "use1-az6",
            "cidr_block": "11.0.1.0/24",
            "customer_owned_ipv4_pool": "",
            "enable_dns64": false,
            "enable_lni_at_device_index": 0,
            "enable_resource_name_dns_a_record_on_launch": false,
            "enable_resource_name_dns_aaaa_record_on_launch": false,
            "id": "subnet-0688c219260c4baee",
            "ipv6_cidr_block": "",
            "ipv6_cidr_block_association_id": "",
            "ipv6_native": false,
            "map_customer_owned_ip_on_launch": false,
            "map_public_ip_on_launch": true,
            "outpost_arn": "",
            "owner_id": "146231429799",
            "private_dns_hostname_type_on_launch": "ip-name",
            "tags": null,
            "tags_all": {},
            "timeouts": null,
            "vpc_id": "vpc-01c8631b69421478d"
          },
          "sensitive_attributes": [],
          "private": "eyJlMmJmYjczMC1lY2FhLTExZTYtOGY4OC0zNDM2M2JjN2M0YzAiOnsiY3JlYXRlIjo2MDAwMDAwMDAwMDAsImRlbGV0ZSI6MTIwMDAwMDAwMDAwMH0sInNjaGVtYV92ZXJzaW9uIjoiMSJ9",
          "dependencies": [
            "aws_vpc.prod-vpc"
          ]
        }
      ]
    },
    {
      "mode": "managed",
      "type": "aws_vpc",
      "name": "dev-vpc",
      "provider": "provider[\"registry.terraform.io/hashicorp/aws\"]",
      "instances": [
        {
          "schema_version": 1,
          "attributes": {
            "arn": "arn:aws:ec2:us-east-1:146231429799:vpc/vpc-0541c4f97d3ec127d",
            "assign_generated_ipv6_cidr_block": false,
            "cidr_block": "12.0.0.0/16",
            "default_network_acl_id": "acl-0f607ba354e57906a",
            "default_route_table_id": "rtb-0c89315b7b46a6dac",
            "default_security_group_id": "sg-0a73d5ea1986837fc",
            "dhcp_options_id": "dopt-16b5126c",
            "enable_dns_hostnames": true,
            "enable_dns_support": true,
            "enable_network_address_usage_metrics": false,
            "id": "vpc-0541c4f97d3ec127d",
            "instance_tenancy": "default",
            "ipv4_ipam_pool_id": null,
            "ipv4_netmask_length": null,
            "ipv6_association_id": "",
            "ipv6_cidr_block": "",
            "ipv6_cidr_block_network_border_group": "",
            "ipv6_ipam_pool_id": "",
            "ipv6_netmask_length": 0,
            "main_route_table_id": "rtb-0c89315b7b46a6dac",
            "owner_id": "146231429799",
            "tags": null,
            "tags_all": {}
          },
          "sensitive_attributes": [],
          "private": "eyJzY2hlbWFfdmVyc2lvbiI6IjEifQ=="
        }
      ]
    },
    {
      "mode": "managed",
      "type": "aws_vpc",
      "name": "prod-vpc",
      "provider": "provider[\"registry.terraform.io/hashicorp/aws\"]",
      "instances": [
        {
          "schema_version": 1,
          "attributes": {
            "arn": "arn:aws:ec2:us-east-1:146231429799:vpc/vpc-01c8631b69421478d",
            "assign_generated_ipv6_cidr_block": false,
            "cidr_block": "11.0.0.0/16",
            "default_network_acl_id": "acl-0947aec3e97581068",
            "default_route_table_id": "rtb-0149c7331ab8cadc8",
            "default_security_group_id": "sg-02c08336ce278eae6",
            "dhcp_options_id": "dopt-16b5126c",
            "enable_dns_hostnames": true,
            "enable_dns_support": true,
            "enable_network_address_usage_metrics": false,
            "id": "vpc-01c8631b69421478d",
            "instance_tenancy": "default",
            "ipv4_ipam_pool_id": null,
            "ipv4_netmask_length": null,
            "ipv6_association_id": "",
            "ipv6_cidr_block": "",
            "ipv6_cidr_block_network_border_group": "",
            "ipv6_ipam_pool_id": "",
            "ipv6_netmask_length": 0,
            "main_route_table_id": "rtb-0149c7331ab8cadc8",
            "owner_id": "146231429799",
            "tags": null,
            "tags_all": {}
          },
          "sensitive_attributes": [],
          "private": "eyJzY2hlbWFfdmVyc2lvbiI6IjEifQ=="
        }
      ]
    },
    {
      "mode": "managed",
      "type": "aws_vpc_peering_connection",
      "name": "vpc_peering",
      "provider": "provider[\"registry.terraform.io/hashicorp/aws\"]",
      "instances": [
        {
          "schema_version": 0,
          "attributes": {
            "accept_status": "active",
            "accepter": [
              {
                "allow_remote_vpc_dns_resolution": false
              }
            ],
            "auto_accept": true,
            "id": "pcx-0c00f35707536637f",
            "peer_owner_id": "146231429799",
            "peer_region": "us-east-1",
            "peer_vpc_id": "vpc-01c8631b69421478d",
            "requester": [
              {
                "allow_remote_vpc_dns_resolution": false
              }
            ],
            "tags": null,
            "tags_all": {},
            "timeouts": null,
            "vpc_id": "vpc-0541c4f97d3ec127d"
          },
          "sensitive_attributes": [],
          "private": "eyJlMmJmYjczMC1lY2FhLTExZTYtOGY4OC0zNDM2M2JjN2M0YzAiOnsiY3JlYXRlIjo2MDAwMDAwMDAwMCwiZGVsZXRlIjo2MDAwMDAwMDAwMCwidXBkYXRlIjo2MDAwMDAwMDAwMH19",
          "dependencies": [
            "aws_vpc.dev-vpc",
            "aws_vpc.prod-vpc"
          ]
        }
      ]
    },
    {
      "mode": "managed",
      "type": "aws_vpc_peering_connection_accepter",
      "name": "accepter",
      "provider": "provider[\"registry.terraform.io/hashicorp/aws\"]",
      "instances": [
        {
          "schema_version": 0,
          "attributes": {
            "accept_status": "active",
            "accepter": [
              {
                "allow_remote_vpc_dns_resolution": false
              }
            ],
            "auto_accept": true,
            "id": "pcx-0c00f35707536637f",
            "peer_owner_id": "146231429799",
            "peer_region": "us-east-1",
            "peer_vpc_id": "vpc-01c8631b69421478d",
            "requester": [
              {
                "allow_remote_vpc_dns_resolution": false
              }
            ],
            "tags": null,
            "tags_all": {},
            "timeouts": null,
            "vpc_id": "vpc-0541c4f97d3ec127d",
            "vpc_peering_connection_id": "pcx-0c00f35707536637f"
          },
          "sensitive_attributes": [],
          "private": "eyJlMmJmYjczMC1lY2FhLTExZTYtOGY4OC0zNDM2M2JjN2M0YzAiOnsiY3JlYXRlIjo2MDAwMDAwMDAwMCwidXBkYXRlIjo2MDAwMDAwMDAwMH19",
          "dependencies": [
            "aws_vpc.dev-vpc",
            "aws_vpc.prod-vpc",
            "aws_vpc_peering_connection.vpc_peering"
          ]
        }
      ]
    },
    {
      "mode": "managed",
      "type": "local_file",
      "name": "tfm_ec2_key",
      "provider": "provider[\"registry.terraform.io/hashicorp/local\"]",
      "instances": [
        {
          "schema_version": 0,
          "attributes": {
            "content": "-----BEGIN RSA PRIVATE KEY-----\nMIIJJwIBAAKCAgEAnEdinsn3tFZX913GvZE0QFmKGxmMF/lyV/V3iqy3OEhfzaQu\n6D+h3nk8x+pdTOl3G8gK4vjUELFUBt/uySnniOtHlUNgY9sNVbyqCHuErJTVuVwh\nsrDaNNFWd6HFr7UgcaLFirM7x1ZYrXxHTPcI14u+grb5L3HUQN/9ty4Z1PWwRZw+\nuDVybLCAb8et6nLQkj2KGb00LHdZwnM391kkkA3Lo7/BGao80zmbwaO4/7amKFE2\nI68RNtCC+5d0HnNzDJSdf6/FceymvUgJZr7gQjr8ZLaYtXKkL4SNsZMS2ei4Nx5k\n5C8Tz9kzkbIHqVPYwRrxYQcmiaQdzBk5SG3AzXleF57iBMQgF84EZOBgVyink7OO\n/vJYgI2KYy4kHM4kvWMyAN38UWHlrNCA6QEJRJ/FBBW6j3lIZaCMV2jTH2qREPcZ\nKCTPFdgy/IZusoJaB4p6LhBBR5ZsCgmmFnwk0aRo4dJPDybumA9WQ7vKpGAh4Lkf\n9QUxCYdiX5b75CZUtM2ZQAiRrrEXmGc7+peMUSvOCysqMmtAxzlOmqutK6nw4Hup\nloGeM9f8EXOMdR8Lq5O63/6Ga40b9JROvuZZUtf+IAvOz8wTg51a1Y2MC0BEJfQu\n1dlNDt0FEu5ZaN1UQ4ZNUMBSqvNdHVF+8WmaFXD0hApub/XJ1Wo+EM4i9Q8CAwEA\nAQKCAgAasDYvV95tdbFgFSuzg/CgbKohJqO+FGNqkgjwLb68Zd+2hqtcDkHedGXk\n3ilA0T3+CJOTX1sX3rCy29szj2xy/XskCnWTl/0W/zkqaa2mq2Q0W3+FvJ4HFxjl\nJUNVVmFMBrglj6ZNzHkoZ2jlw+pGpR7Lw+OaLp5I1ffGKKFQtQR9Xsl3O+lmll3Y\nuQkCWMk1sDy9WIpobZluk66jFx4fW7vDIyQe9eudRuFKmGMniFGn4PaV8XfHHKTB\nwoOaD60+IMMk4yec5QU0nfC9EyvJI7mmmWhK1GElnEV2Zd96RzvubcpdDY0cmcMs\nxnJ4gFEr6SX/o/D44IYWLNiTferG5/TDYs+HslIgvRBGXxfuyh0KDuRocgkl2KvH\ntA1cyqvvZJvFArIoTK/cy8SWSfdGZe8KAuGjKuwWAWYOFREdUIE4/F3Jq5kjJKGI\nobKQylaMh8fjiO8isVZAy7n/s1WvwOF0n8cv+DrumigcY09dHqkBfo/PqjoNplsB\nJIJc6KcPR+k599TbByifLoiR8DOCQ41WjxB/K7X5Q5fWuvVazvOwE06UWpZjhFOl\nc9Gzg1iw0yKHEQzyJeJEHzCE9n5PioJso0akU4gGN+FE7Tt5l6lC5vtyIkcIZm2f\n6DYJGRrNjspsK45uvFNQnB3e3cq4XLj8WKgWKS7a3RiAcZRUwQKCAQEAwyznsLZO\nPbsWvC6X9Q2PRdGqf8cGo6dWxWeWs5GrotMmbCwd+hvBYoiC7WclfY+WMQyIaOQE\nC8lMStnzSEIzxMcVsLQddcZl+hGqtBGAjE6AZ4jMXuYldwm5pWIQGKnoSJImya6y\n6G11RZgls8OD4GBOFR0dX2w5Fpsv7PgesScYrdf6z3Vlv3sLaI025K7Dt3IzGqc1\nufrNUNeJkvIaEBrpFvQ+dnL8mCfuEjbc7D0zqg8yc/yn1G8cAG4Cdf8CxTcT8dHr\n6RmNL2j/GUlNz0O0ly5KOudOxRPs4OG3oiIfp3+niEMQLunYgIrVzFONMXKxqubh\nVsui6IjekTEiswKCAQEAzPtP9oWAryi7L9JtmNWqYNOeouPMm+BgdBt4fb/8muy3\nV2KfxMnNsNvB3fICIOaNAnNQoQsbVbmiRGcx6sk57etvKVPiwrt+sexQ1Tf94WHs\njMqyAXGOzntVpyzj3WjoegEO0FypHMSvY6o0derv3pYzfzNf7UcauWjGo+Vc5xa8\n5wRiS0DRLYxNhHPU4cTK9b2C39vGzDzlYKmzhpztRVRu6E6yDAVhdRjmo/YXE5o4\nschbTDsBsIXS3ymnPCBZwMEHNqRVShUBOlqUbgepbIt0d/Bqu6YZ0M4NlOz1I68m\nwv1aZb+WIS2e2/ezC2XdiH0KJZqdaf6nWHVjx7kiNQKCAQBn594o+8VHo/SElqGb\nem6OEwMcJ47nTU0qpu1aB/FCK/tGl24WGvSnSlm5nbId2HVzA2MTxGBLDg2pw8J6\n85Ov7PUlL56HduoPaZxhZPf0uk4t0GxNEWVcrDbDTyOWnc3l5Lj1oiXpC2zlcgyQ\nWUQ6DctD/k4G4Qy7dj7bf3SHh3LiChuimrNib1Uxggx5TnkvjoKaa+50ZosrwLOj\nIXSyokD5UWp3kNvc/VUHKWIP+r0oihKoIRgQRl6389knjG2jJKFfmgxn+oxpcxJs\nGdRsxXS9D43BMieDUApJ5qDmlhgYCiPcrSdOcnwqYr9Tmh+O9aqUe3n3xU2jUkp7\nLZd1AoIBAFXtkALGykAjMf0FGF52S1sVuy2Lkw1RDP3/Og50+d60FtNyC4nCExDt\nvqJcvhmurDP3xTgNYOMZ03UbUWib/EXJaSsI+EkrshvB9cy8ERh3JWOL4P0L7pKO\nT0SqY8dAIBxs7xnXjij6JpAAHMfFudI0YtgS4EamhQRucL7p+n0BIiUxyEbFoCqY\n4zIAIKCYD4DedcuD5R1e9cUEvrZSeICUuX1259p0MvuUebMICXp1LwkP9X3KSpYG\nM3TLkEh7Q0SzZmO4lexdS8t7hzdszNAs0aEpzoRlR/MpPbZNcyIHXZdl/4whuTyl\nVC/f8VV42VpLGILVAuIZF2vUogRqjnUCggEAV0Yu1VwnQvccRcvRMJA4yZBVmvYj\nOhuDNdP5SIbadAWmZxydo8gHVDopgeyZSPp/f5dY9QCoaqEA8WjMz5JKYx1MLaDL\nwTq0zyKLnilfGBoH3U8oMdUFoTdb/OgsmBn7RfsFH2MiZ7t7vVCXd7NZl+KQFh1m\nJu7jbbKJ9jXvOqJCrDpLW6lpJiU5Mr+/KIel0DxC/WQDpQ8UTU1GTY0TWPioJTfl\nMvsyI8mjNAQ6sG/JVTsAvHPs2QC18BTuJoKqBlF9AfVm38dL3JZB0gCL7sD3Kpow\nYJmnS1lklLBwcaLSEyMfFKClYCxp+PuF8KQIm+m+RsOYH6CX8z2ur6A5fg==\n-----END RSA PRIVATE KEY-----\n",
            "content_base64": null,
            "content_base64sha256": "qdy/4Vy6ZyTTIu7F5PL+Luh5g/Un84YHVdl9T23hIoI=",
            "content_base64sha512": "WAEe29NPTfjMitZMYDZ9Zc6tucND8i3sQpCxMbsQshfKQME+inYneAa7kKT0RLXDw5sL7xACdaLOrF1lXeql8g==",
            "content_md5": "19f55d15310346dc53c5aae8039cd59c",
            "content_sha1": "2b8abbba5a2edeb320e3bea16e750e2d2d87fb1d",
            "content_sha256": "a9dcbfe15cba6724d322eec5e4f2fe2ee87983f527f3860755d97d4f6de12282",
            "content_sha512": "58011edbd34f4df8cc8ad64c60367d65ceadb9c343f22dec4290b131bb10b217ca40c13e8a76277806bb90a4f444b5c3c39b0bef100275a2ceac5d655deaa5f2",
            "directory_permission": "0777",
            "file_permission": "400",
            "filename": "tfm_ec2_key.pem",
            "id": "2b8abbba5a2edeb320e3bea16e750e2d2d87fb1d",
            "sensitive_content": null,
            "source": null
          },
          "sensitive_attributes": [
            [
              {
                "type": "get_attr",
                "value": "content"
              }
            ]
          ],
          "dependencies": [
            "tls_private_key.tfm_ec2_key"
          ]
        }
      ]
    },
    {
      "mode": "managed",
      "type": "tls_private_key",
      "name": "tfm_ec2_key",
      "provider": "provider[\"registry.terraform.io/hashicorp/tls\"]",
      "instances": [
        {
          "schema_version": 1,
          "attributes": {
            "algorithm": "RSA",
            "ecdsa_curve": "P224",
            "id": "aec25342b9fb1988432fbebbfc04983ddd28786f",
            "private_key_openssh": "-----BEGIN OPENSSH PRIVATE KEY-----\nb3BlbnNzaC1rZXktdjEAAAAABG5vbmUAAAAEbm9uZQAAAAAAAAABAAACFwAAAAdz\nc2gtcnNhAAAAAwEAAQAAAgEAnEdinsn3tFZX913GvZE0QFmKGxmMF/lyV/V3iqy3\nOEhfzaQu6D+h3nk8x+pdTOl3G8gK4vjUELFUBt/uySnniOtHlUNgY9sNVbyqCHuE\nrJTVuVwhsrDaNNFWd6HFr7UgcaLFirM7x1ZYrXxHTPcI14u+grb5L3HUQN/9ty4Z\n1PWwRZw+uDVybLCAb8et6nLQkj2KGb00LHdZwnM391kkkA3Lo7/BGao80zmbwaO4\n/7amKFE2I68RNtCC+5d0HnNzDJSdf6/FceymvUgJZr7gQjr8ZLaYtXKkL4SNsZMS\n2ei4Nx5k5C8Tz9kzkbIHqVPYwRrxYQcmiaQdzBk5SG3AzXleF57iBMQgF84EZOBg\nVyink7OO/vJYgI2KYy4kHM4kvWMyAN38UWHlrNCA6QEJRJ/FBBW6j3lIZaCMV2jT\nH2qREPcZKCTPFdgy/IZusoJaB4p6LhBBR5ZsCgmmFnwk0aRo4dJPDybumA9WQ7vK\npGAh4Lkf9QUxCYdiX5b75CZUtM2ZQAiRrrEXmGc7+peMUSvOCysqMmtAxzlOmqut\nK6nw4HuploGeM9f8EXOMdR8Lq5O63/6Ga40b9JROvuZZUtf+IAvOz8wTg51a1Y2M\nC0BEJfQu1dlNDt0FEu5ZaN1UQ4ZNUMBSqvNdHVF+8WmaFXD0hApub/XJ1Wo+EM4i\n9Q8AAAc4N+BkOjfgZDoAAAAHc3NoLXJzYQAAAgEAnEdinsn3tFZX913GvZE0QFmK\nGxmMF/lyV/V3iqy3OEhfzaQu6D+h3nk8x+pdTOl3G8gK4vjUELFUBt/uySnniOtH\nlUNgY9sNVbyqCHuErJTVuVwhsrDaNNFWd6HFr7UgcaLFirM7x1ZYrXxHTPcI14u+\ngrb5L3HUQN/9ty4Z1PWwRZw+uDVybLCAb8et6nLQkj2KGb00LHdZwnM391kkkA3L\no7/BGao80zmbwaO4/7amKFE2I68RNtCC+5d0HnNzDJSdf6/FceymvUgJZr7gQjr8\nZLaYtXKkL4SNsZMS2ei4Nx5k5C8Tz9kzkbIHqVPYwRrxYQcmiaQdzBk5SG3AzXle\nF57iBMQgF84EZOBgVyink7OO/vJYgI2KYy4kHM4kvWMyAN38UWHlrNCA6QEJRJ/F\nBBW6j3lIZaCMV2jTH2qREPcZKCTPFdgy/IZusoJaB4p6LhBBR5ZsCgmmFnwk0aRo\n4dJPDybumA9WQ7vKpGAh4Lkf9QUxCYdiX5b75CZUtM2ZQAiRrrEXmGc7+peMUSvO\nCysqMmtAxzlOmqutK6nw4HuploGeM9f8EXOMdR8Lq5O63/6Ga40b9JROvuZZUtf+\nIAvOz8wTg51a1Y2MC0BEJfQu1dlNDt0FEu5ZaN1UQ4ZNUMBSqvNdHVF+8WmaFXD0\nhApub/XJ1Wo+EM4i9Q8AAAADAQABAAACABqwNi9X3m11sWAVK7OD8KBsqiEmo74U\nY2qSCPAtvrxl37aGq1wOQd50ZeTeKUDRPf4Ik5NfWxfesLLb2zOPbHL9eyQKdZOX\n/Rb/OSppraarZDRbf4W8ngcXGOUlQ1VWYUwGuCWPpk3MeShnaOXD6kalHsvD45ou\nnkjV98YooVC1BH1eyXc76WaWXdi5CQJYyTWwPL1YimhtmW6TrqMXHh9bu8MjJB71\n651G4UqYYyeIUafg9pXxd8ccpMHCg5oPrT4gwyTjJ5zlBTSd8L0TK8kjuaaZaErU\nYSWcRXZl33pHO+5tyl0NjRyZwyzGcniAUSvpJf+j8PjghhYs2JN96sbn9MNiz4ey\nUiC9EEZfF+7KHQoO5GhyCSXYq8e0DVzKq+9km8UCsihMr9zLxJZJ90Zl7woC4aMq\n7BYBZg4VER1QgTj8XcmrmSMkoYihspDKVoyHx+OI7yKxVkDLuf+zVa/A4XSfxy/4\nOu6aKBxjT10eqQF+j8+qOg2mWwEkglzopw9H6Tn31NsHKJ8uiJHwM4JDjVaPEH8r\ntflDl9a69VrO87ATTpRalmOEU6Vz0bODWLDTIocRDPIl4kQfMIT2fk+KgmyjRqRT\niAY34UTtO3mXqULm+3IiRwhmbZ/oNgkZGs2Oymwrjm68U1CcHd7dyrhcuPxYqBYp\nLtrdGIBxlFTBAAABAFdGLtVcJ0L3HEXL0TCQOMmQVZr2IzobgzXT+UiG2nQFpmcc\nnaPIB1Q6KYHsmUj6f3+XWPUAqGqhAPFozM+SSmMdTC2gy8E6tM8ii54pXxgaB91P\nKDHVBaE3W/zoLJgZ+0X7BR9jIme7e71Ql3ezWZfikBYdZibu422yifY17zqiQqw6\nS1upaSYlOTK/vyiHpdA8Qv1kA6UPFE1NRk2NE1j4qCU35TL7MiPJozQEOrBvyVU7\nALxz7NkAtfAU7iaCqgZRfQH1Zt/HS9yWQdIAi+7A9yqaMGCZp0tZZJSwcHGi0hMj\nHxSgpWAsafj7hfCkCJvpvkbDmB+gl/M9rq+gOX4AAAEBAMMs57C2Tj27Frwul/UN\nj0XRqn/HBqOnVsVnlrORq6LTJmwsHfobwWKIgu1nJX2PljEMiGjkBAvJTErZ80hC\nM8THFbC0HXXGZfoRqrQRgIxOgGeIzF7mJXcJuaViEBip6EiSJsmusuhtdUWYJbPD\ng+BgThUdHV9sORabL+z4HrEnGK3X+s91Zb97C2iNNuSuw7dyMxqnNbn6zVDXiZLy\nGhAa6Rb0PnZy/Jgn7hI23Ow9M6oPMnP8p9RvHABuAnX/AsU3E/HR6+kZjS9o/xlJ\nTc9DtJcuSjrnTsUT7ODht6IiH6d/p4hDEC7p2ICK1cxTjTFysarm4VbLouiI3pEx\nIrMAAAEBAMz7T/aFgK8ouy/SbZjVqmDTnqLjzJvgYHQbeH2//Jrst1din8TJzbDb\nwd3yAiDmjQJzUKELG1W5okRnMerJOe3rbylT4sK7frHsUNU3/eFh7IzKsgFxjs57\nVacs491o6HoBDtBcqRzEr2OqNHXq796WM38zX+1HGrloxqPlXOcWvOcEYktA0S2M\nTYRz1OHEyvW9gt/bxsw85WCps4ac7UVUbuhOsgwFYXUY5qP2FxOaOLHIW0w7AbCF\n0t8ppzwgWcDBBzakVUoVATpalG4HqWyLdHfwarumGdDODZTs9SOvJsL9WmW/liEt\nntv3swtl3Yh9CiWanWn+p1h1Y8e5IjUAAAAAAQID\n-----END OPENSSH PRIVATE KEY-----\n",
            "private_key_pem": "-----BEGIN RSA PRIVATE KEY-----\nMIIJJwIBAAKCAgEAnEdinsn3tFZX913GvZE0QFmKGxmMF/lyV/V3iqy3OEhfzaQu\n6D+h3nk8x+pdTOl3G8gK4vjUELFUBt/uySnniOtHlUNgY9sNVbyqCHuErJTVuVwh\nsrDaNNFWd6HFr7UgcaLFirM7x1ZYrXxHTPcI14u+grb5L3HUQN/9ty4Z1PWwRZw+\nuDVybLCAb8et6nLQkj2KGb00LHdZwnM391kkkA3Lo7/BGao80zmbwaO4/7amKFE2\nI68RNtCC+5d0HnNzDJSdf6/FceymvUgJZr7gQjr8ZLaYtXKkL4SNsZMS2ei4Nx5k\n5C8Tz9kzkbIHqVPYwRrxYQcmiaQdzBk5SG3AzXleF57iBMQgF84EZOBgVyink7OO\n/vJYgI2KYy4kHM4kvWMyAN38UWHlrNCA6QEJRJ/FBBW6j3lIZaCMV2jTH2qREPcZ\nKCTPFdgy/IZusoJaB4p6LhBBR5ZsCgmmFnwk0aRo4dJPDybumA9WQ7vKpGAh4Lkf\n9QUxCYdiX5b75CZUtM2ZQAiRrrEXmGc7+peMUSvOCysqMmtAxzlOmqutK6nw4Hup\nloGeM9f8EXOMdR8Lq5O63/6Ga40b9JROvuZZUtf+IAvOz8wTg51a1Y2MC0BEJfQu\n1dlNDt0FEu5ZaN1UQ4ZNUMBSqvNdHVF+8WmaFXD0hApub/XJ1Wo+EM4i9Q8CAwEA\nAQKCAgAasDYvV95tdbFgFSuzg/CgbKohJqO+FGNqkgjwLb68Zd+2hqtcDkHedGXk\n3ilA0T3+CJOTX1sX3rCy29szj2xy/XskCnWTl/0W/zkqaa2mq2Q0W3+FvJ4HFxjl\nJUNVVmFMBrglj6ZNzHkoZ2jlw+pGpR7Lw+OaLp5I1ffGKKFQtQR9Xsl3O+lmll3Y\nuQkCWMk1sDy9WIpobZluk66jFx4fW7vDIyQe9eudRuFKmGMniFGn4PaV8XfHHKTB\nwoOaD60+IMMk4yec5QU0nfC9EyvJI7mmmWhK1GElnEV2Zd96RzvubcpdDY0cmcMs\nxnJ4gFEr6SX/o/D44IYWLNiTferG5/TDYs+HslIgvRBGXxfuyh0KDuRocgkl2KvH\ntA1cyqvvZJvFArIoTK/cy8SWSfdGZe8KAuGjKuwWAWYOFREdUIE4/F3Jq5kjJKGI\nobKQylaMh8fjiO8isVZAy7n/s1WvwOF0n8cv+DrumigcY09dHqkBfo/PqjoNplsB\nJIJc6KcPR+k599TbByifLoiR8DOCQ41WjxB/K7X5Q5fWuvVazvOwE06UWpZjhFOl\nc9Gzg1iw0yKHEQzyJeJEHzCE9n5PioJso0akU4gGN+FE7Tt5l6lC5vtyIkcIZm2f\n6DYJGRrNjspsK45uvFNQnB3e3cq4XLj8WKgWKS7a3RiAcZRUwQKCAQEAwyznsLZO\nPbsWvC6X9Q2PRdGqf8cGo6dWxWeWs5GrotMmbCwd+hvBYoiC7WclfY+WMQyIaOQE\nC8lMStnzSEIzxMcVsLQddcZl+hGqtBGAjE6AZ4jMXuYldwm5pWIQGKnoSJImya6y\n6G11RZgls8OD4GBOFR0dX2w5Fpsv7PgesScYrdf6z3Vlv3sLaI025K7Dt3IzGqc1\nufrNUNeJkvIaEBrpFvQ+dnL8mCfuEjbc7D0zqg8yc/yn1G8cAG4Cdf8CxTcT8dHr\n6RmNL2j/GUlNz0O0ly5KOudOxRPs4OG3oiIfp3+niEMQLunYgIrVzFONMXKxqubh\nVsui6IjekTEiswKCAQEAzPtP9oWAryi7L9JtmNWqYNOeouPMm+BgdBt4fb/8muy3\nV2KfxMnNsNvB3fICIOaNAnNQoQsbVbmiRGcx6sk57etvKVPiwrt+sexQ1Tf94WHs\njMqyAXGOzntVpyzj3WjoegEO0FypHMSvY6o0derv3pYzfzNf7UcauWjGo+Vc5xa8\n5wRiS0DRLYxNhHPU4cTK9b2C39vGzDzlYKmzhpztRVRu6E6yDAVhdRjmo/YXE5o4\nschbTDsBsIXS3ymnPCBZwMEHNqRVShUBOlqUbgepbIt0d/Bqu6YZ0M4NlOz1I68m\nwv1aZb+WIS2e2/ezC2XdiH0KJZqdaf6nWHVjx7kiNQKCAQBn594o+8VHo/SElqGb\nem6OEwMcJ47nTU0qpu1aB/FCK/tGl24WGvSnSlm5nbId2HVzA2MTxGBLDg2pw8J6\n85Ov7PUlL56HduoPaZxhZPf0uk4t0GxNEWVcrDbDTyOWnc3l5Lj1oiXpC2zlcgyQ\nWUQ6DctD/k4G4Qy7dj7bf3SHh3LiChuimrNib1Uxggx5TnkvjoKaa+50ZosrwLOj\nIXSyokD5UWp3kNvc/VUHKWIP+r0oihKoIRgQRl6389knjG2jJKFfmgxn+oxpcxJs\nGdRsxXS9D43BMieDUApJ5qDmlhgYCiPcrSdOcnwqYr9Tmh+O9aqUe3n3xU2jUkp7\nLZd1AoIBAFXtkALGykAjMf0FGF52S1sVuy2Lkw1RDP3/Og50+d60FtNyC4nCExDt\nvqJcvhmurDP3xTgNYOMZ03UbUWib/EXJaSsI+EkrshvB9cy8ERh3JWOL4P0L7pKO\nT0SqY8dAIBxs7xnXjij6JpAAHMfFudI0YtgS4EamhQRucL7p+n0BIiUxyEbFoCqY\n4zIAIKCYD4DedcuD5R1e9cUEvrZSeICUuX1259p0MvuUebMICXp1LwkP9X3KSpYG\nM3TLkEh7Q0SzZmO4lexdS8t7hzdszNAs0aEpzoRlR/MpPbZNcyIHXZdl/4whuTyl\nVC/f8VV42VpLGILVAuIZF2vUogRqjnUCggEAV0Yu1VwnQvccRcvRMJA4yZBVmvYj\nOhuDNdP5SIbadAWmZxydo8gHVDopgeyZSPp/f5dY9QCoaqEA8WjMz5JKYx1MLaDL\nwTq0zyKLnilfGBoH3U8oMdUFoTdb/OgsmBn7RfsFH2MiZ7t7vVCXd7NZl+KQFh1m\nJu7jbbKJ9jXvOqJCrDpLW6lpJiU5Mr+/KIel0DxC/WQDpQ8UTU1GTY0TWPioJTfl\nMvsyI8mjNAQ6sG/JVTsAvHPs2QC18BTuJoKqBlF9AfVm38dL3JZB0gCL7sD3Kpow\nYJmnS1lklLBwcaLSEyMfFKClYCxp+PuF8KQIm+m+RsOYH6CX8z2ur6A5fg==\n-----END RSA PRIVATE KEY-----\n",
            "private_key_pem_pkcs8": "-----BEGIN PRIVATE KEY-----\nMIIJQQIBADANBgkqhkiG9w0BAQEFAASCCSswggknAgEAAoICAQCcR2Keyfe0Vlf3\nXca9kTRAWYobGYwX+XJX9XeKrLc4SF/NpC7oP6HeeTzH6l1M6XcbyAri+NQQsVQG\n3+7JKeeI60eVQ2Bj2w1VvKoIe4SslNW5XCGysNo00VZ3ocWvtSBxosWKszvHVlit\nfEdM9wjXi76CtvkvcdRA3/23LhnU9bBFnD64NXJssIBvx63qctCSPYoZvTQsd1nC\nczf3WSSQDcujv8EZqjzTOZvBo7j/tqYoUTYjrxE20IL7l3Qec3MMlJ1/r8Vx7Ka9\nSAlmvuBCOvxktpi1cqQvhI2xkxLZ6Lg3HmTkLxPP2TORsgepU9jBGvFhByaJpB3M\nGTlIbcDNeV4XnuIExCAXzgRk4GBXKKeTs47+8liAjYpjLiQcziS9YzIA3fxRYeWs\n0IDpAQlEn8UEFbqPeUhloIxXaNMfapEQ9xkoJM8V2DL8hm6ygloHinouEEFHlmwK\nCaYWfCTRpGjh0k8PJu6YD1ZDu8qkYCHguR/1BTEJh2JflvvkJlS0zZlACJGusReY\nZzv6l4xRK84LKyoya0DHOU6aq60rqfDge6mWgZ4z1/wRc4x1Hwurk7rf/oZrjRv0\nlE6+5llS1/4gC87PzBODnVrVjYwLQEQl9C7V2U0O3QUS7llo3VRDhk1QwFKq810d\nUX7xaZoVcPSECm5v9cnVaj4QziL1DwIDAQABAoICABqwNi9X3m11sWAVK7OD8KBs\nqiEmo74UY2qSCPAtvrxl37aGq1wOQd50ZeTeKUDRPf4Ik5NfWxfesLLb2zOPbHL9\neyQKdZOX/Rb/OSppraarZDRbf4W8ngcXGOUlQ1VWYUwGuCWPpk3MeShnaOXD6kal\nHsvD45ounkjV98YooVC1BH1eyXc76WaWXdi5CQJYyTWwPL1YimhtmW6TrqMXHh9b\nu8MjJB71651G4UqYYyeIUafg9pXxd8ccpMHCg5oPrT4gwyTjJ5zlBTSd8L0TK8kj\nuaaZaErUYSWcRXZl33pHO+5tyl0NjRyZwyzGcniAUSvpJf+j8PjghhYs2JN96sbn\n9MNiz4eyUiC9EEZfF+7KHQoO5GhyCSXYq8e0DVzKq+9km8UCsihMr9zLxJZJ90Zl\n7woC4aMq7BYBZg4VER1QgTj8XcmrmSMkoYihspDKVoyHx+OI7yKxVkDLuf+zVa/A\n4XSfxy/4Ou6aKBxjT10eqQF+j8+qOg2mWwEkglzopw9H6Tn31NsHKJ8uiJHwM4JD\njVaPEH8rtflDl9a69VrO87ATTpRalmOEU6Vz0bODWLDTIocRDPIl4kQfMIT2fk+K\ngmyjRqRTiAY34UTtO3mXqULm+3IiRwhmbZ/oNgkZGs2Oymwrjm68U1CcHd7dyrhc\nuPxYqBYpLtrdGIBxlFTBAoIBAQDDLOewtk49uxa8Lpf1DY9F0ap/xwajp1bFZ5az\nkaui0yZsLB36G8FiiILtZyV9j5YxDIho5AQLyUxK2fNIQjPExxWwtB11xmX6Eaq0\nEYCMToBniMxe5iV3CbmlYhAYqehIkibJrrLobXVFmCWzw4PgYE4VHR1fbDkWmy/s\n+B6xJxit1/rPdWW/ewtojTbkrsO3cjMapzW5+s1Q14mS8hoQGukW9D52cvyYJ+4S\nNtzsPTOqDzJz/KfUbxwAbgJ1/wLFNxPx0evpGY0vaP8ZSU3PQ7SXLko6507FE+zg\n4beiIh+nf6eIQxAu6diAitXMU40xcrGq5uFWy6LoiN6RMSKzAoIBAQDM+0/2hYCv\nKLsv0m2Y1apg056i48yb4GB0G3h9v/ya7LdXYp/Eyc2w28Hd8gIg5o0Cc1ChCxtV\nuaJEZzHqyTnt628pU+LCu36x7FDVN/3hYeyMyrIBcY7Oe1WnLOPdaOh6AQ7QXKkc\nxK9jqjR16u/eljN/M1/tRxq5aMaj5VznFrznBGJLQNEtjE2Ec9ThxMr1vYLf28bM\nPOVgqbOGnO1FVG7oTrIMBWF1GOaj9hcTmjixyFtMOwGwhdLfKac8IFnAwQc2pFVK\nFQE6WpRuB6lsi3R38Gq7phnQzg2U7PUjrybC/Vplv5YhLZ7b97MLZd2IfQolmp1p\n/qdYdWPHuSI1AoIBAGfn3ij7xUej9ISWoZt6bo4TAxwnjudNTSqm7VoH8UIr+0aX\nbhYa9KdKWbmdsh3YdXMDYxPEYEsODanDwnrzk6/s9SUvnod26g9pnGFk9/S6Ti3Q\nbE0RZVysNsNPI5adzeXkuPWiJekLbOVyDJBZRDoNy0P+TgbhDLt2Ptt/dIeHcuIK\nG6Kas2JvVTGCDHlOeS+Ogppr7nRmiyvAs6MhdLKiQPlRaneQ29z9VQcpYg/6vSiK\nEqghGBBGXrfz2SeMbaMkoV+aDGf6jGlzEmwZ1GzFdL0PjcEyJ4NQCknmoOaWGBgK\nI9ytJ05yfCpiv1OaH471qpR7effFTaNSSnstl3UCggEAVe2QAsbKQCMx/QUYXnZL\nWxW7LYuTDVEM/f86DnT53rQW03ILicITEO2+oly+Ga6sM/fFOA1g4xnTdRtRaJv8\nRclpKwj4SSuyG8H1zLwRGHclY4vg/Qvuko5PRKpjx0AgHGzvGdeOKPomkAAcx8W5\n0jRi2BLgRqaFBG5wvun6fQEiJTHIRsWgKpjjMgAgoJgPgN51y4PlHV71xQS+tlJ4\ngJS5fXbn2nQy+5R5swgJenUvCQ/1fcpKlgYzdMuQSHtDRLNmY7iV7F1Ly3uHN2zM\n0CzRoSnOhGVH8yk9tk1zIgddl2X/jCG5PKVUL9/xVXjZWksYgtUC4hkXa9SiBGqO\ndQKCAQBXRi7VXCdC9xxFy9EwkDjJkFWa9iM6G4M10/lIhtp0BaZnHJ2jyAdUOimB\n7JlI+n9/l1j1AKhqoQDxaMzPkkpjHUwtoMvBOrTPIoueKV8YGgfdTygx1QWhN1v8\n6CyYGftF+wUfYyJnu3u9UJd3s1mX4pAWHWYm7uNtson2Ne86okKsOktbqWkmJTky\nv78oh6XQPEL9ZAOlDxRNTUZNjRNY+KglN+Uy+zIjyaM0BDqwb8lVOwC8c+zZALXw\nFO4mgqoGUX0B9Wbfx0vclkHSAIvuwPcqmjBgmadLWWSUsHBxotITIx8UoKVgLGn4\n+4XwpAib6b5Gw5gfoJfzPa6voDl+\n-----END PRIVATE KEY-----\n",
            "public_key_fingerprint_md5": "3a:ae:26:72:17:80:d2:9d:04:b5:c7:dc:ec:31:c6:9a",
            "public_key_fingerprint_sha256": "SHA256:OoBaelnAfqTfDtOysb7nANzlU0Q4oKvrj97UmejO9iQ",
            "public_key_openssh": "ssh-rsa AAAAB3NzaC1yc2EAAAADAQABAAACAQCcR2Keyfe0Vlf3Xca9kTRAWYobGYwX+XJX9XeKrLc4SF/NpC7oP6HeeTzH6l1M6XcbyAri+NQQsVQG3+7JKeeI60eVQ2Bj2w1VvKoIe4SslNW5XCGysNo00VZ3ocWvtSBxosWKszvHVlitfEdM9wjXi76CtvkvcdRA3/23LhnU9bBFnD64NXJssIBvx63qctCSPYoZvTQsd1nCczf3WSSQDcujv8EZqjzTOZvBo7j/tqYoUTYjrxE20IL7l3Qec3MMlJ1/r8Vx7Ka9SAlmvuBCOvxktpi1cqQvhI2xkxLZ6Lg3HmTkLxPP2TORsgepU9jBGvFhByaJpB3MGTlIbcDNeV4XnuIExCAXzgRk4GBXKKeTs47+8liAjYpjLiQcziS9YzIA3fxRYeWs0IDpAQlEn8UEFbqPeUhloIxXaNMfapEQ9xkoJM8V2DL8hm6ygloHinouEEFHlmwKCaYWfCTRpGjh0k8PJu6YD1ZDu8qkYCHguR/1BTEJh2JflvvkJlS0zZlACJGusReYZzv6l4xRK84LKyoya0DHOU6aq60rqfDge6mWgZ4z1/wRc4x1Hwurk7rf/oZrjRv0lE6+5llS1/4gC87PzBODnVrVjYwLQEQl9C7V2U0O3QUS7llo3VRDhk1QwFKq810dUX7xaZoVcPSECm5v9cnVaj4QziL1Dw==\n",
            "public_key_pem": "-----BEGIN PUBLIC KEY-----\nMIICIjANBgkqhkiG9w0BAQEFAAOCAg8AMIICCgKCAgEAnEdinsn3tFZX913GvZE0\nQFmKGxmMF/lyV/V3iqy3OEhfzaQu6D+h3nk8x+pdTOl3G8gK4vjUELFUBt/uySnn\niOtHlUNgY9sNVbyqCHuErJTVuVwhsrDaNNFWd6HFr7UgcaLFirM7x1ZYrXxHTPcI\n14u+grb5L3HUQN/9ty4Z1PWwRZw+uDVybLCAb8et6nLQkj2KGb00LHdZwnM391kk\nkA3Lo7/BGao80zmbwaO4/7amKFE2I68RNtCC+5d0HnNzDJSdf6/FceymvUgJZr7g\nQjr8ZLaYtXKkL4SNsZMS2ei4Nx5k5C8Tz9kzkbIHqVPYwRrxYQcmiaQdzBk5SG3A\nzXleF57iBMQgF84EZOBgVyink7OO/vJYgI2KYy4kHM4kvWMyAN38UWHlrNCA6QEJ\nRJ/FBBW6j3lIZaCMV2jTH2qREPcZKCTPFdgy/IZusoJaB4p6LhBBR5ZsCgmmFnwk\n0aRo4dJPDybumA9WQ7vKpGAh4Lkf9QUxCYdiX5b75CZUtM2ZQAiRrrEXmGc7+peM\nUSvOCysqMmtAxzlOmqutK6nw4HuploGeM9f8EXOMdR8Lq5O63/6Ga40b9JROvuZZ\nUtf+IAvOz8wTg51a1Y2MC0BEJfQu1dlNDt0FEu5ZaN1UQ4ZNUMBSqvNdHVF+8Wma\nFXD0hApub/XJ1Wo+EM4i9Q8CAwEAAQ==\n-----END PUBLIC KEY-----\n",
            "rsa_bits": 4096
          },
          "sensitive_attributes": []
        }
      ]
    }
  ],
  "check_results": null
}
